<?xml version="1.0" encoding="utf-8"?>
<Project ToolsVersion="4.0" xmlns="http://schemas.microsoft.com/developer/msbuild/2003">
  <ItemGroup>
    <Filter Include="Resource Files">
      <UniqueIdentifier>{67DA6AB6-F800-4c08-8B7A-83BB121AAD01}</UniqueIdentifier>
      <Extensions>rc;ico;cur;bmp;dlg;rc2;rct;bin;rgs;gif;jpg;jpeg;jpe;resx;tiff;tif;png;wav;mfcribbon-ms</Extensions>
    </Filter>
    <Filter Include="main">
      <UniqueIdentifier>{4FC737F1-C7A5-4376-A066-2A32D752A2FF}</UniqueIdentifier>
      <Extensions>
      </Extensions>
    </Filter>
    <Filter Include="core">
      <UniqueIdentifier>{dbb9c5aa-73da-48d2-8cee-09ddd18fec89}</UniqueIdentifier>
    </Filter>
    <Filter Include="core\bind">
      <UniqueIdentifier>{7480f595-b45c-486d-9680-6b1d7ea2847e}</UniqueIdentifier>
    </Filter>
    <Filter Include="core\io">
      <UniqueIdentifier>{badb6703-cecb-4b21-a73a-db6d1d03df02}</UniqueIdentifier>
    </Filter>
    <Filter Include="core\math">
      <UniqueIdentifier>{367c42e6-8a65-416d-a5f9-c94acd21d615}</UniqueIdentifier>
    </Filter>
    <Filter Include="core\os">
      <UniqueIdentifier>{865c459f-2f34-49eb-bd7d-2b1c2bec662e}</UniqueIdentifier>
    </Filter>
    <Filter Include="modules">
      <UniqueIdentifier>{58aa5ade-2a3b-4c7a-b798-72748bdcadda}</UniqueIdentifier>
    </Filter>
    <Filter Include="modules\gdscript">
      <UniqueIdentifier>{c089abc7-6ead-4cfc-9f4a-2efea0f23ed0}</UniqueIdentifier>
    </Filter>
    <Filter Include="modules\gridmap">
      <UniqueIdentifier>{585c8446-95fd-45fa-b07a-ac03d3975e6c}</UniqueIdentifier>
    </Filter>
    <Filter Include="platform">
      <UniqueIdentifier>{eb74532f-1a8d-4bbb-95a4-718754df011d}</UniqueIdentifier>
    </Filter>
    <Filter Include="platform\windows">
      <UniqueIdentifier>{d076ef17-79b0-4aee-808b-d9929794f8b6}</UniqueIdentifier>
    </Filter>
    <Filter Include="platform\windows\export">
      <UniqueIdentifier>{e6d2c372-7427-4bae-9949-90fd7886762a}</UniqueIdentifier>
    </Filter>
    <Filter Include="scene">
      <UniqueIdentifier>{78112160-e4cf-4b4c-9026-b3c53b1ce463}</UniqueIdentifier>
    </Filter>
    <Filter Include="scene\2d">
      <UniqueIdentifier>{73ca0061-8d24-4174-8e48-12a1e5afc89c}</UniqueIdentifier>
    </Filter>
    <Filter Include="scene\3d">
      <UniqueIdentifier>{4f3118cf-8362-489d-aeda-dd57091d2cb0}</UniqueIdentifier>
    </Filter>
    <Filter Include="scene\animation">
      <UniqueIdentifier>{a7c64eff-fe9d-4c27-8790-02d8ff6d5587}</UniqueIdentifier>
    </Filter>
    <Filter Include="scene\audio">
      <UniqueIdentifier>{77c7b71f-afa4-48f1-bce1-65144abba08c}</UniqueIdentifier>
    </Filter>
    <Filter Include="scene\gui">
      <UniqueIdentifier>{f1c2167b-7c68-4df9-97d9-fd90406b14ce}</UniqueIdentifier>
    </Filter>
    <Filter Include="scene\io">
      <UniqueIdentifier>{19a5ea0e-d7b8-4e4a-a0fc-71119736dd6d}</UniqueIdentifier>
    </Filter>
    <Filter Include="scene\main">
      <UniqueIdentifier>{6b3e312a-103a-4412-8360-e615e0a0d5df}</UniqueIdentifier>
    </Filter>
    <Filter Include="scene\resources">
      <UniqueIdentifier>{5920a7d6-4d45-4f07-8238-ab0f28c9426c}</UniqueIdentifier>
    </Filter>
    <Filter Include="servers">
      <UniqueIdentifier>{a5a074dd-493d-486b-a9db-923e53e67ff7}</UniqueIdentifier>
    </Filter>
    <Filter Include="servers\audio">
      <UniqueIdentifier>{621ca838-1467-438c-b1bb-4677b0beaa2b}</UniqueIdentifier>
    </Filter>
    <Filter Include="servers\physics">
      <UniqueIdentifier>{3d13d286-2048-4359-9fad-910ce5e7d062}</UniqueIdentifier>
    </Filter>
    <Filter Include="servers\physics_2d">
      <UniqueIdentifier>{dfae0824-cf6d-4a3d-b109-b68da3d931ef}</UniqueIdentifier>
    </Filter>
    <Filter Include="servers\visual">
      <UniqueIdentifier>{79552143-115a-4001-bf95-9c230af5edc3}</UniqueIdentifier>
    </Filter>
    <Filter Include="servers\physics\joints">
      <UniqueIdentifier>{55969a86-1cc4-4b75-8eb8-c31e53208289}</UniqueIdentifier>
    </Filter>
    <Filter Include="drivers">
      <UniqueIdentifier>{c7079533-719d-437a-97de-f9852b963145}</UniqueIdentifier>
    </Filter>
    <Filter Include="drivers\windows">
      <UniqueIdentifier>{8efd07aa-df07-4801-9477-e814667be866}</UniqueIdentifier>
    </Filter>
    <Filter Include="tools">
      <UniqueIdentifier>{f6ac632f-f6f7-4b91-810e-bfb3d96fb096}</UniqueIdentifier>
    </Filter>
    <Filter Include="platform\android">
      <UniqueIdentifier>{3daef27c-941e-42f3-9c32-4833e0bedc8d}</UniqueIdentifier>
    </Filter>
    <Filter Include="platform\android\export">
      <UniqueIdentifier>{a0513d11-69a5-4c63-b631-dfd635ca6267}</UniqueIdentifier>
    </Filter>
    <Filter Include="platform\javascript">
      <UniqueIdentifier>{e973fc86-29f8-48bf-8107-544abd6baf15}</UniqueIdentifier>
    </Filter>
    <Filter Include="platform\javascript\export">
      <UniqueIdentifier>{53fc6e03-2b3c-40f8-b289-d8d9d73cd707}</UniqueIdentifier>
    </Filter>
    <Filter Include="platform\osx">
      <UniqueIdentifier>{f1eeee42-d356-45f8-88f8-59954b32d271}</UniqueIdentifier>
    </Filter>
    <Filter Include="platform\osx\export">
      <UniqueIdentifier>{657be2a1-0e7f-48ee-b337-6780cbc57f41}</UniqueIdentifier>
    </Filter>
    <Filter Include="platform\x11">
      <UniqueIdentifier>{71e9c0e4-3283-4d13-aa89-d3193bd9691e}</UniqueIdentifier>
    </Filter>
    <Filter Include="platform\x11\export">
      <UniqueIdentifier>{91cb6410-e204-4f70-b949-6382266d17dc}</UniqueIdentifier>
    </Filter>
    <Filter Include="drivers\convex_decomp">
      <UniqueIdentifier>{9b51b538-a19d-40e1-ba73-3c50cc6de18b}</UniqueIdentifier>
    </Filter>
    <Filter Include="drivers\rtaudio">
      <UniqueIdentifier>{3b4d3d67-6982-4a71-9ce5-9a0d031efe2d}</UniqueIdentifier>
    </Filter>
    <Filter Include="drivers\unix">
      <UniqueIdentifier>{f24a8613-47b0-4762-a8e1-b0367aefdb2d}</UniqueIdentifier>
    </Filter>
    <Filter Include="drivers\alsa">
      <UniqueIdentifier>{f3f9fbcc-1a59-45d1-aa64-8788e6b6e462}</UniqueIdentifier>
    </Filter>
    <Filter Include="drivers\gl_context">
      <UniqueIdentifier>{84b8b799-8461-465e-9987-ddec53fafe9f}</UniqueIdentifier>
    </Filter>
    <Filter Include="drivers\png">
      <UniqueIdentifier>{c8d33eeb-31b8-45c0-b163-ab1c3f63561b}</UniqueIdentifier>
    </Filter>
    <Filter Include="scene\resources\default_theme">
      <UniqueIdentifier>{512ac926-92dc-4e65-af9e-82cf0a333b31}</UniqueIdentifier>
    </Filter>
    <Filter Include="platform\android\globals">
      <UniqueIdentifier>{38890ca0-b0c0-475b-97fe-ae2127a23b6f}</UniqueIdentifier>
    </Filter>
    <Filter Include="platform\iphone">
      <UniqueIdentifier>{21069d4b-fe34-4e8b-8802-54dee35914c2}</UniqueIdentifier>
    </Filter>
    <Filter Include="platform\iphone\globals">
      <UniqueIdentifier>{8fd913e6-2e6b-4dd1-9ab1-40481805c3b6}</UniqueIdentifier>
    </Filter>
    <Filter Include="drivers\gl_context\GL">
      <UniqueIdentifier>{5a9d981a-d532-4b0b-a637-b1120e69ccf4}</UniqueIdentifier>
    </Filter>
    <Filter Include="drivers\gles3">
      <UniqueIdentifier>{51e5cee5-6537-4041-af32-fb39c24901e8}</UniqueIdentifier>
    </Filter>
  </ItemGroup>
  <ItemGroup>
    <ClInclude Include="..\..\..\main\performance.h">
      <Filter>main</Filter>
    </ClInclude>
    <ClInclude Include="..\..\..\main\splash.h">
      <Filter>main</Filter>
    </ClInclude>
    <ClInclude Include="..\..\..\main\main.h">
      <Filter>main</Filter>
    </ClInclude>
    <ClInclude Include="..\..\..\core\allocators.h">
      <Filter>core</Filter>
    </ClInclude>
    <ClInclude Include="..\..\..\core\array.h">
      <Filter>core</Filter>
    </ClInclude>
    <ClInclude Include="..\..\..\core\color.h">
      <Filter>core</Filter>
    </ClInclude>
    <ClInclude Include="..\..\..\core\command_queue_mt.h">
      <Filter>core</Filter>
    </ClInclude>
    <ClInclude Include="..\..\..\core\compressed_translation.h">
      <Filter>core</Filter>
    </ClInclude>
    <ClInclude Include="..\..\..\core\core_string_names.h">
      <Filter>core</Filter>
    </ClInclude>
    <ClInclude Include="..\..\..\core\dictionary.h">
      <Filter>core</Filter>
    </ClInclude>
    <ClInclude Include="..\..\..\core\dvector.h">
      <Filter>core</Filter>
    </ClInclude>
    <ClInclude Include="..\..\..\core\error_list.h">
      <Filter>core</Filter>
    </ClInclude>
    <ClInclude Include="..\..\..\core\error_macros.h">
      <Filter>core</Filter>
    </ClInclude>
    <ClInclude Include="..\..\..\core\event_queue.h">
      <Filter>core</Filter>
    </ClInclude>
    <ClInclude Include="..\..\..\core\func_ref.h">
      <Filter>core</Filter>
    </ClInclude>
    <ClInclude Include="..\..\..\core\global_constants.h">
      <Filter>core</Filter>
    </ClInclude>
    <ClInclude Include="..\..\..\core\hash_map.h">
      <Filter>core</Filter>
    </ClInclude>
    <ClInclude Include="..\..\..\core\hashfuncs.h">
      <Filter>core</Filter>
    </ClInclude>
    <ClInclude Include="..\..\..\core\image.h">
      <Filter>core</Filter>
    </ClInclude>
    <ClInclude Include="..\..\..\core\input_map.h">
      <Filter>core</Filter>
    </ClInclude>
    <ClInclude Include="..\..\..\core\int_types.h">
      <Filter>core</Filter>
    </ClInclude>
    <ClInclude Include="..\..\..\core\list.h">
      <Filter>core</Filter>
    </ClInclude>
    <ClInclude Include="..\..\..\core\map.h">
      <Filter>core</Filter>
    </ClInclude>
    <ClInclude Include="..\..\..\core\message_queue.h">
      <Filter>core</Filter>
    </ClInclude>
    <ClInclude Include="..\..\..\core\method_bind.h">
      <Filter>core</Filter>
    </ClInclude>
    <ClInclude Include="..\..\..\core\object.h">
      <Filter>core</Filter>
    </ClInclude>
    <ClInclude Include="..\..\..\core\packed_data_container.h">
      <Filter>core</Filter>
    </ClInclude>
    <ClInclude Include="..\..\..\core\pair.h">
      <Filter>core</Filter>
    </ClInclude>
    <ClInclude Include="..\..\..\core\path_remap.h">
      <Filter>core</Filter>
    </ClInclude>
    <ClInclude Include="..\..\..\core\pool_allocator.h">
      <Filter>core</Filter>
    </ClInclude>
    <ClInclude Include="..\..\..\core\print_string.h">
      <Filter>core</Filter>
    </ClInclude>
    <ClInclude Include="..\..\..\core\ref_ptr.h">
      <Filter>core</Filter>
    </ClInclude>
    <ClInclude Include="..\..\..\core\reference.h">
      <Filter>core</Filter>
    </ClInclude>
    <ClInclude Include="..\..\..\core\register_core_types.h">
      <Filter>core</Filter>
    </ClInclude>
    <ClInclude Include="..\..\..\core\resource.h">
      <Filter>core</Filter>
    </ClInclude>
    <ClInclude Include="..\..\..\core\rid.h">
      <Filter>core</Filter>
    </ClInclude>
    <ClInclude Include="..\..\..\core\ring_buffer.h">
      <Filter>core</Filter>
    </ClInclude>
    <ClInclude Include="..\..\..\core\safe_refcount.h">
      <Filter>core</Filter>
    </ClInclude>
    <ClInclude Include="..\..\..\core\script_debugger_local.h">
      <Filter>core</Filter>
    </ClInclude>
    <ClInclude Include="..\..\..\core\script_debugger_remote.h">
      <Filter>core</Filter>
    </ClInclude>
    <ClInclude Include="..\..\..\core\script_language.h">
      <Filter>core</Filter>
    </ClInclude>
    <ClInclude Include="..\..\..\core\self_list.h">
      <Filter>core</Filter>
    </ClInclude>
    <ClInclude Include="..\..\..\core\set.h">
      <Filter>core</Filter>
    </ClInclude>
    <ClInclude Include="..\..\..\core\simple_type.h">
      <Filter>core</Filter>
    </ClInclude>
    <ClInclude Include="..\..\..\core\sort.h">
      <Filter>core</Filter>
    </ClInclude>
    <ClInclude Include="..\..\..\core\string_db.h">
      <Filter>core</Filter>
    </ClInclude>
    <ClInclude Include="..\..\..\core\translation.h">
      <Filter>core</Filter>
    </ClInclude>
    <ClInclude Include="..\..\..\core\typedefs.h">
      <Filter>core</Filter>
    </ClInclude>
    <ClInclude Include="..\..\..\core\ucaps.h">
      <Filter>core</Filter>
    </ClInclude>
    <ClInclude Include="..\..\..\core\undo_redo.h">
      <Filter>core</Filter>
    </ClInclude>
    <ClInclude Include="..\..\..\core\ustring.h">
      <Filter>core</Filter>
    </ClInclude>
    <ClInclude Include="..\..\..\core\variant.h">
      <Filter>core</Filter>
    </ClInclude>
    <ClInclude Include="..\..\..\core\vector.h">
      <Filter>core</Filter>
    </ClInclude>
    <ClInclude Include="..\..\..\core\vmap.h">
      <Filter>core</Filter>
    </ClInclude>
    <ClInclude Include="..\..\..\core\vset.h">
      <Filter>core</Filter>
    </ClInclude>
    <ClInclude Include="..\..\..\core\bind\core_bind.h">
      <Filter>core\bind</Filter>
    </ClInclude>
    <ClInclude Include="..\..\..\core\io\compression.h">
      <Filter>core\io</Filter>
    </ClInclude>
    <ClInclude Include="..\..\..\core\io\config_file.h">
      <Filter>core\io</Filter>
    </ClInclude>
    <ClInclude Include="..\..\..\core\io\file_access_buffered.h">
      <Filter>core\io</Filter>
    </ClInclude>
    <ClInclude Include="..\..\..\core\io\file_access_buffered_fa.h">
      <Filter>core\io</Filter>
    </ClInclude>
    <ClInclude Include="..\..\..\core\io\file_access_compressed.h">
      <Filter>core\io</Filter>
    </ClInclude>
    <ClInclude Include="..\..\..\core\io\file_access_encrypted.h">
      <Filter>core\io</Filter>
    </ClInclude>
    <ClInclude Include="..\..\..\core\io\file_access_memory.h">
      <Filter>core\io</Filter>
    </ClInclude>
    <ClInclude Include="..\..\..\core\io\file_access_network.h">
      <Filter>core\io</Filter>
    </ClInclude>
    <ClInclude Include="..\..\..\core\io\file_access_pack.h">
      <Filter>core\io</Filter>
    </ClInclude>
    <ClInclude Include="..\..\..\core\io\file_access_zip.h">
      <Filter>core\io</Filter>
    </ClInclude>
    <ClInclude Include="..\..\..\core\io\http_client.h">
      <Filter>core\io</Filter>
    </ClInclude>
    <ClInclude Include="..\..\..\core\io\image_loader.h">
      <Filter>core\io</Filter>
    </ClInclude>
    <ClInclude Include="..\..\..\core\io\ip.h">
      <Filter>core\io</Filter>
    </ClInclude>
    <ClInclude Include="..\..\..\core\io\ip_address.h">
      <Filter>core\io</Filter>
    </ClInclude>
    <ClInclude Include="..\..\..\core\io\json.h">
      <Filter>core\io</Filter>
    </ClInclude>
    <ClInclude Include="..\..\..\core\io\marshalls.h">
      <Filter>core\io</Filter>
    </ClInclude>
    <ClInclude Include="..\..\..\core\io\packet_peer.h">
      <Filter>core\io</Filter>
    </ClInclude>
    <ClInclude Include="..\..\..\core\io\resource_format_binary.h">
      <Filter>core\io</Filter>
    </ClInclude>
    <ClInclude Include="..\..\..\core\io\resource_loader.h">
      <Filter>core\io</Filter>
    </ClInclude>
    <ClInclude Include="..\..\..\core\io\resource_saver.h">
      <Filter>core\io</Filter>
    </ClInclude>
    <ClInclude Include="..\..\..\core\io\stream_peer.h">
      <Filter>core\io</Filter>
    </ClInclude>
    <ClInclude Include="..\..\..\core\io\stream_peer_ssl.h">
      <Filter>core\io</Filter>
    </ClInclude>
    <ClInclude Include="..\..\..\core\io\stream_peer_tcp.h">
      <Filter>core\io</Filter>
    </ClInclude>
    <ClInclude Include="..\..\..\core\io\tcp_server.h">
      <Filter>core\io</Filter>
    </ClInclude>
    <ClInclude Include="..\..\..\core\io\translation_loader_po.h">
      <Filter>core\io</Filter>
    </ClInclude>
    <ClInclude Include="..\..\..\core\io\xml_parser.h">
      <Filter>core\io</Filter>
    </ClInclude>
    <ClInclude Include="..\..\..\core\io\zip_io.h">
      <Filter>core\io</Filter>
    </ClInclude>
    <ClInclude Include="..\..\..\core\math\bsp_tree.h">
      <Filter>core\math</Filter>
    </ClInclude>
    <ClInclude Include="..\..\..\core\math\camera_matrix.h">
      <Filter>core\math</Filter>
    </ClInclude>
    <ClInclude Include="..\..\..\core\math\face3.h">
      <Filter>core\math</Filter>
    </ClInclude>
    <ClInclude Include="..\..\..\core\math\geometry.h">
      <Filter>core\math</Filter>
    </ClInclude>
    <ClInclude Include="..\..\..\core\math\math_2d.h">
      <Filter>core\math</Filter>
    </ClInclude>
    <ClInclude Include="..\..\..\core\math\math_defs.h">
      <Filter>core\math</Filter>
    </ClInclude>
    <ClInclude Include="..\..\..\core\math\math_funcs.h">
      <Filter>core\math</Filter>
    </ClInclude>
    <ClInclude Include="..\..\..\core\math\matrix3.h">
      <Filter>core\math</Filter>
    </ClInclude>
    <ClInclude Include="..\..\..\core\math\octree.h">
      <Filter>core\math</Filter>
    </ClInclude>
    <ClInclude Include="..\..\..\core\math\plane.h">
      <Filter>core\math</Filter>
    </ClInclude>
    <ClInclude Include="..\..\..\core\math\quat.h">
      <Filter>core\math</Filter>
    </ClInclude>
    <ClInclude Include="..\..\..\core\math\quick_hull.h">
      <Filter>core\math</Filter>
    </ClInclude>
    <ClInclude Include="..\..\..\core\math\transform.h">
      <Filter>core\math</Filter>
    </ClInclude>
    <ClInclude Include="..\..\..\core\math\triangle_mesh.h">
      <Filter>core\math</Filter>
    </ClInclude>
    <ClInclude Include="..\..\..\core\math\triangulate.h">
      <Filter>core\math</Filter>
    </ClInclude>
    <ClInclude Include="..\..\..\core\math\vector3.h">
      <Filter>core\math</Filter>
    </ClInclude>
    <ClInclude Include="..\..\..\core\os\copymem.h">
      <Filter>core\os</Filter>
    </ClInclude>
    <ClInclude Include="..\..\..\core\os\dir_access.h">
      <Filter>core\os</Filter>
    </ClInclude>
    <ClInclude Include="..\..\..\core\os\file_access.h">
      <Filter>core\os</Filter>
    </ClInclude>
    <ClInclude Include="..\..\..\core\os\input.h">
      <Filter>core\os</Filter>
    </ClInclude>
    <ClInclude Include="..\..\..\core\os\input_event.h">
      <Filter>core\os</Filter>
    </ClInclude>
    <ClInclude Include="..\..\..\core\os\keyboard.h">
      <Filter>core\os</Filter>
    </ClInclude>
    <ClInclude Include="..\..\..\core\os\main_loop.h">
      <Filter>core\os</Filter>
    </ClInclude>
    <ClInclude Include="..\..\..\core\os\memory.h">
      <Filter>core\os</Filter>
    </ClInclude>
    <ClInclude Include="..\..\..\core\os\mutex.h">
      <Filter>core\os</Filter>
    </ClInclude>
    <ClInclude Include="..\..\..\core\os\os.h">
      <Filter>core\os</Filter>
    </ClInclude>
    <ClInclude Include="..\..\..\core\os\semaphore.h">
      <Filter>core\os</Filter>
    </ClInclude>
    <ClInclude Include="..\..\..\core\os\shell.h">
      <Filter>core\os</Filter>
    </ClInclude>
    <ClInclude Include="..\..\..\core\os\thread.h">
      <Filter>core\os</Filter>
    </ClInclude>
    <ClInclude Include="..\..\..\core\os\thread_dummy.h">
      <Filter>core\os</Filter>
    </ClInclude>
    <ClInclude Include="..\..\..\core\os\thread_safe.h">
      <Filter>core\os</Filter>
    </ClInclude>
    <ClInclude Include="..\..\..\modules\gdscript\gd_compiler.h">
      <Filter>modules\gdscript</Filter>
    </ClInclude>
    <ClInclude Include="..\..\..\modules\gdscript\gd_functions.h">
      <Filter>modules\gdscript</Filter>
    </ClInclude>
    <ClInclude Include="..\..\..\modules\gdscript\gd_parser.h">
      <Filter>modules\gdscript</Filter>
    </ClInclude>
    <ClInclude Include="..\..\..\modules\gdscript\gd_script.h">
      <Filter>modules\gdscript</Filter>
    </ClInclude>
    <ClInclude Include="..\..\..\modules\gdscript\gd_tokenizer.h">
      <Filter>modules\gdscript</Filter>
    </ClInclude>
    <ClInclude Include="..\..\..\modules\gdscript\register_types.h">
      <Filter>modules\gdscript</Filter>
    </ClInclude>
    <ClInclude Include="..\..\..\modules\gridmap\grid_map_editor_plugin.h">
      <Filter>modules\gridmap</Filter>
    </ClInclude>
    <ClInclude Include="..\..\..\modules\gridmap\register_types.h">
      <Filter>modules\gridmap</Filter>
    </ClInclude>
    <ClInclude Include="..\..\..\modules\gridmap\grid_map.h">
      <Filter>modules\gridmap</Filter>
    </ClInclude>
    <ClInclude Include="..\..\..\platform\windows\export\export.h">
      <Filter>platform\windows\export</Filter>
    </ClInclude>
    <ClInclude Include="..\..\..\platform\windows\key_mapping_win.h">
      <Filter>platform\windows</Filter>
    </ClInclude>
    <ClInclude Include="..\..\..\platform\windows\lang_table.h">
      <Filter>platform\windows</Filter>
    </ClInclude>
    <ClInclude Include="..\..\..\platform\windows\os_windows.h">
      <Filter>platform\windows</Filter>
    </ClInclude>
    <ClInclude Include="..\..\..\platform\windows\platform_config.h">
      <Filter>platform\windows</Filter>
    </ClInclude>
    <ClInclude Include="..\..\..\platform\windows\stream_peer_winsock.h">
      <Filter>platform\windows</Filter>
    </ClInclude>
    <ClInclude Include="..\..\..\platform\windows\tcp_server_winsock.h">
      <Filter>platform\windows</Filter>
    </ClInclude>
    <ClInclude Include="..\..\..\platform\windows\context_gl_win.h">
      <Filter>platform\windows</Filter>
    </ClInclude>
    <ClInclude Include="..\..\..\platform\windows\ctxgl_procaddr.h">
      <Filter>platform\windows</Filter>
    </ClInclude>
    <ClInclude Include="..\..\..\scene\register_scene_types.h">
      <Filter>scene</Filter>
    </ClInclude>
    <ClInclude Include="..\..\..\scene\scene_string_names.h">
      <Filter>scene</Filter>
    </ClInclude>
    <ClInclude Include="..\..\..\scene\2d\animated_sprite.h">
      <Filter>scene\2d</Filter>
    </ClInclude>
    <ClInclude Include="..\..\..\scene\2d\area_2d.h">
      <Filter>scene\2d</Filter>
    </ClInclude>
    <ClInclude Include="..\..\..\scene\2d\camera_2d.h">
      <Filter>scene\2d</Filter>
    </ClInclude>
    <ClInclude Include="..\..\..\scene\2d\canvas_item.h">
      <Filter>scene\2d</Filter>
    </ClInclude>
    <ClInclude Include="..\..\..\scene\2d\collision_object_2d.h">
      <Filter>scene\2d</Filter>
    </ClInclude>
    <ClInclude Include="..\..\..\scene\2d\collision_polygon_2d.h">
      <Filter>scene\2d</Filter>
    </ClInclude>
    <ClInclude Include="..\..\..\scene\2d\collision_shape_2d.h">
      <Filter>scene\2d</Filter>
    </ClInclude>
    <ClInclude Include="..\..\..\scene\2d\joints_2d.h">
      <Filter>scene\2d</Filter>
    </ClInclude>
    <ClInclude Include="..\..\..\scene\2d\node_2d.h">
      <Filter>scene\2d</Filter>
    </ClInclude>
    <ClInclude Include="..\..\..\scene\2d\parallax_background.h">
      <Filter>scene\2d</Filter>
    </ClInclude>
    <ClInclude Include="..\..\..\scene\2d\parallax_layer.h">
      <Filter>scene\2d</Filter>
    </ClInclude>
    <ClInclude Include="..\..\..\scene\2d\particles_2d.h">
      <Filter>scene\2d</Filter>
    </ClInclude>
    <ClInclude Include="..\..\..\scene\2d\path_2d.h">
      <Filter>scene\2d</Filter>
    </ClInclude>
    <ClInclude Include="..\..\..\scene\2d\path_texture.h">
      <Filter>scene\2d</Filter>
    </ClInclude>
    <ClInclude Include="..\..\..\scene\2d\physics_body_2d.h">
      <Filter>scene\2d</Filter>
    </ClInclude>
    <ClInclude Include="..\..\..\scene\2d\polygon_2d.h">
      <Filter>scene\2d</Filter>
    </ClInclude>
    <ClInclude Include="..\..\..\scene\2d\position_2d.h">
      <Filter>scene\2d</Filter>
    </ClInclude>
    <ClInclude Include="..\..\..\scene\2d\ray_cast_2d.h">
      <Filter>scene\2d</Filter>
    </ClInclude>
    <ClInclude Include="..\..\..\scene\2d\remote_transform_2d.h">
      <Filter>scene\2d</Filter>
    </ClInclude>
    <ClInclude Include="..\..\..\scene\2d\screen_button.h">
      <Filter>scene\2d</Filter>
    </ClInclude>
    <ClInclude Include="..\..\..\scene\2d\sprite.h">
      <Filter>scene\2d</Filter>
    </ClInclude>
    <ClInclude Include="..\..\..\scene\2d\tile_map.h">
      <Filter>scene\2d</Filter>
    </ClInclude>
    <ClInclude Include="..\..\..\scene\2d\visibility_notifier_2d.h">
      <Filter>scene\2d</Filter>
    </ClInclude>
    <ClInclude Include="..\..\..\scene\2d\y_sort.h">
      <Filter>scene\2d</Filter>
    </ClInclude>
    <ClInclude Include="..\..\..\scene\3d\visibility_notifier.h">
      <Filter>scene\3d</Filter>
    </ClInclude>
    <ClInclude Include="..\..\..\scene\3d\visual_instance.h">
      <Filter>scene\3d</Filter>
    </ClInclude>
    <ClInclude Include="..\..\..\scene\3d\area.h">
      <Filter>scene\3d</Filter>
    </ClInclude>
    <ClInclude Include="..\..\..\scene\3d\bone_attachment.h">
      <Filter>scene\3d</Filter>
    </ClInclude>
    <ClInclude Include="..\..\..\scene\3d\camera.h">
      <Filter>scene\3d</Filter>
    </ClInclude>
    <ClInclude Include="..\..\..\scene\3d\character_camera.h">
      <Filter>scene\3d</Filter>
    </ClInclude>
    <ClInclude Include="..\..\..\scene\3d\collision_object.h">
      <Filter>scene\3d</Filter>
    </ClInclude>
    <ClInclude Include="..\..\..\scene\3d\collision_polygon.h">
      <Filter>scene\3d</Filter>
    </ClInclude>
    <ClInclude Include="..\..\..\scene\3d\immediate_geometry.h">
      <Filter>scene\3d</Filter>
    </ClInclude>
    <ClInclude Include="..\..\..\scene\3d\interpolated_camera.h">
      <Filter>scene\3d</Filter>
    </ClInclude>
    <ClInclude Include="..\..\..\scene\3d\light.h">
      <Filter>scene\3d</Filter>
    </ClInclude>
    <ClInclude Include="..\..\..\scene\3d\mesh_instance.h">
      <Filter>scene\3d</Filter>
    </ClInclude>
    <ClInclude Include="..\..\..\scene\3d\multimesh_instance.h">
      <Filter>scene\3d</Filter>
    </ClInclude>
    <ClInclude Include="..\..\..\scene\3d\navigation.h">
      <Filter>scene\3d</Filter>
    </ClInclude>
    <ClInclude Include="..\..\..\scene\3d\navigation_mesh.h">
      <Filter>scene\3d</Filter>
    </ClInclude>
    <ClInclude Include="..\..\..\scene\3d\particles.h">
      <Filter>scene\3d</Filter>
    </ClInclude>
    <ClInclude Include="..\..\..\scene\3d\path.h">
      <Filter>scene\3d</Filter>
    </ClInclude>
    <ClInclude Include="..\..\..\scene\3d\physics_body.h">
      <Filter>scene\3d</Filter>
    </ClInclude>
    <ClInclude Include="..\..\..\scene\3d\physics_joint.h">
      <Filter>scene\3d</Filter>
    </ClInclude>
    <ClInclude Include="..\..\..\scene\3d\portal.h">
      <Filter>scene\3d</Filter>
    </ClInclude>
    <ClInclude Include="..\..\..\scene\3d\position_3d.h">
      <Filter>scene\3d</Filter>
    </ClInclude>
    <ClInclude Include="..\..\..\scene\3d\proximity_group.h">
      <Filter>scene\3d</Filter>
    </ClInclude>
    <ClInclude Include="..\..\..\scene\3d\ray_cast.h">
      <Filter>scene\3d</Filter>
    </ClInclude>
    <ClInclude Include="..\..\..\scene\3d\room_instance.h">
      <Filter>scene\3d</Filter>
    </ClInclude>
    <ClInclude Include="..\..\..\scene\3d\scenario_fx.h">
      <Filter>scene\3d</Filter>
    </ClInclude>
    <ClInclude Include="..\..\..\scene\3d\skeleton.h">
      <Filter>scene\3d</Filter>
    </ClInclude>
    <ClInclude Include="..\..\..\scene\3d\spatial.h">
      <Filter>scene\3d</Filter>
    </ClInclude>
    <ClInclude Include="..\..\..\scene\3d\spatial_indexer.h">
      <Filter>scene\3d</Filter>
    </ClInclude>
    <ClInclude Include="..\..\..\scene\3d\sprite_3d.h">
      <Filter>scene\3d</Filter>
    </ClInclude>
    <ClInclude Include="..\..\..\scene\3d\vehicle_body.h">
      <Filter>scene\3d</Filter>
    </ClInclude>
    <ClInclude Include="..\..\..\scene\animation\animation_cache.h">
      <Filter>scene\animation</Filter>
    </ClInclude>
    <ClInclude Include="..\..\..\scene\animation\animation_player.h">
      <Filter>scene\animation</Filter>
    </ClInclude>
    <ClInclude Include="..\..\..\scene\animation\animation_tree_player.h">
      <Filter>scene\animation</Filter>
    </ClInclude>
    <ClInclude Include="..\..\..\scene\animation\tween.h">
      <Filter>scene\animation</Filter>
    </ClInclude>
    <ClInclude Include="..\..\..\scene\gui\base_button.h">
      <Filter>scene\gui</Filter>
    </ClInclude>
    <ClInclude Include="..\..\..\scene\gui\box_container.h">
      <Filter>scene\gui</Filter>
    </ClInclude>
    <ClInclude Include="..\..\..\scene\gui\button.h">
      <Filter>scene\gui</Filter>
    </ClInclude>
    <ClInclude Include="..\..\..\scene\gui\button_group.h">
      <Filter>scene\gui</Filter>
    </ClInclude>
    <ClInclude Include="..\..\..\scene\gui\center_container.h">
      <Filter>scene\gui</Filter>
    </ClInclude>
    <ClInclude Include="..\..\..\scene\gui\check_button.h">
      <Filter>scene\gui</Filter>
    </ClInclude>
    <ClInclude Include="..\..\..\scene\gui\color_picker.h">
      <Filter>scene\gui</Filter>
    </ClInclude>
    <ClInclude Include="..\..\..\scene\gui\container.h">
      <Filter>scene\gui</Filter>
    </ClInclude>
    <ClInclude Include="..\..\..\scene\gui\control.h">
      <Filter>scene\gui</Filter>
    </ClInclude>
    <ClInclude Include="..\..\..\scene\gui\dialogs.h">
      <Filter>scene\gui</Filter>
    </ClInclude>
    <ClInclude Include="..\..\..\scene\gui\file_dialog.h">
      <Filter>scene\gui</Filter>
    </ClInclude>
    <ClInclude Include="..\..\..\scene\gui\grid_container.h">
      <Filter>scene\gui</Filter>
    </ClInclude>
    <ClInclude Include="..\..\..\scene\gui\label.h">
      <Filter>scene\gui</Filter>
    </ClInclude>
    <ClInclude Include="..\..\..\scene\gui\line_edit.h">
      <Filter>scene\gui</Filter>
    </ClInclude>
    <ClInclude Include="..\..\..\scene\gui\margin_container.h">
      <Filter>scene\gui</Filter>
    </ClInclude>
    <ClInclude Include="..\..\..\scene\gui\menu_button.h">
      <Filter>scene\gui</Filter>
    </ClInclude>
    <ClInclude Include="..\..\..\scene\gui\option_button.h">
      <Filter>scene\gui</Filter>
    </ClInclude>
    <ClInclude Include="..\..\..\scene\gui\panel.h">
      <Filter>scene\gui</Filter>
    </ClInclude>
    <ClInclude Include="..\..\..\scene\gui\panel_container.h">
      <Filter>scene\gui</Filter>
    </ClInclude>
    <ClInclude Include="..\..\..\scene\gui\popup.h">
      <Filter>scene\gui</Filter>
    </ClInclude>
    <ClInclude Include="..\..\..\scene\gui\popup_menu.h">
      <Filter>scene\gui</Filter>
    </ClInclude>
    <ClInclude Include="..\..\..\scene\gui\progress_bar.h">
      <Filter>scene\gui</Filter>
    </ClInclude>
    <ClInclude Include="..\..\..\scene\gui\range.h">
      <Filter>scene\gui</Filter>
    </ClInclude>
    <ClInclude Include="..\..\..\scene\gui\rich_text_label.h">
      <Filter>scene\gui</Filter>
    </ClInclude>
    <ClInclude Include="..\..\..\scene\gui\scroll_bar.h">
      <Filter>scene\gui</Filter>
    </ClInclude>
    <ClInclude Include="..\..\..\scene\gui\scroll_container.h">
      <Filter>scene\gui</Filter>
    </ClInclude>
    <ClInclude Include="..\..\..\scene\gui\separator.h">
      <Filter>scene\gui</Filter>
    </ClInclude>
    <ClInclude Include="..\..\..\scene\gui\slider.h">
      <Filter>scene\gui</Filter>
    </ClInclude>
    <ClInclude Include="..\..\..\scene\gui\spin_box.h">
      <Filter>scene\gui</Filter>
    </ClInclude>
    <ClInclude Include="..\..\..\scene\gui\split_container.h">
      <Filter>scene\gui</Filter>
    </ClInclude>
    <ClInclude Include="..\..\..\scene\gui\tab_container.h">
      <Filter>scene\gui</Filter>
    </ClInclude>
    <ClInclude Include="..\..\..\scene\gui\tabs.h">
      <Filter>scene\gui</Filter>
    </ClInclude>
    <ClInclude Include="..\..\..\scene\gui\text_edit.h">
      <Filter>scene\gui</Filter>
    </ClInclude>
    <ClInclude Include="..\..\..\scene\gui\texture_button.h">
      <Filter>scene\gui</Filter>
    </ClInclude>
    <ClInclude Include="..\..\..\scene\gui\texture_progress.h">
      <Filter>scene\gui</Filter>
    </ClInclude>
    <ClInclude Include="..\..\..\scene\gui\tool_button.h">
      <Filter>scene\gui</Filter>
    </ClInclude>
    <ClInclude Include="..\..\..\scene\gui\tree.h">
      <Filter>scene\gui</Filter>
    </ClInclude>
    <ClInclude Include="..\..\..\scene\gui\video_player.h">
      <Filter>scene\gui</Filter>
    </ClInclude>
    <ClInclude Include="..\..\..\scene\io\resource_format_wav.h">
      <Filter>scene\io</Filter>
    </ClInclude>
    <ClInclude Include="..\..\..\scene\io\resource_format_image.h">
      <Filter>scene\io</Filter>
    </ClInclude>
    <ClInclude Include="..\..\..\scene\main\timer.h">
      <Filter>scene\main</Filter>
    </ClInclude>
    <ClInclude Include="..\..\..\scene\main\viewport.h">
      <Filter>scene\main</Filter>
    </ClInclude>
    <ClInclude Include="..\..\..\scene\main\canvas_layer.h">
      <Filter>scene\main</Filter>
    </ClInclude>
    <ClInclude Include="..\..\..\scene\main\node.h">
      <Filter>scene\main</Filter>
    </ClInclude>
    <ClInclude Include="..\..\..\scene\main\resource_preloader.h">
      <Filter>scene\main</Filter>
    </ClInclude>
    <ClInclude Include="..\..\..\scene\resources\animation.h">
      <Filter>scene\resources</Filter>
    </ClInclude>
    <ClInclude Include="..\..\..\scene\resources\audio_stream_resampled.h">
      <Filter>scene\resources</Filter>
    </ClInclude>
    <ClInclude Include="..\..\..\scene\resources\bit_mask.h">
      <Filter>scene\resources</Filter>
    </ClInclude>
    <ClInclude Include="..\..\..\scene\resources\bounds.h">
      <Filter>scene\resources</Filter>
    </ClInclude>
    <ClInclude Include="..\..\..\scene\resources\box_shape.h">
      <Filter>scene\resources</Filter>
    </ClInclude>
    <ClInclude Include="..\..\..\scene\resources\canvas.h">
      <Filter>scene\resources</Filter>
    </ClInclude>
    <ClInclude Include="..\..\..\scene\resources\capsule_shape.h">
      <Filter>scene\resources</Filter>
    </ClInclude>
    <ClInclude Include="..\..\..\scene\resources\capsule_shape_2d.h">
      <Filter>scene\resources</Filter>
    </ClInclude>
    <ClInclude Include="..\..\..\scene\resources\circle_shape_2d.h">
      <Filter>scene\resources</Filter>
    </ClInclude>
    <ClInclude Include="..\..\..\scene\resources\concave_polygon_shape.h">
      <Filter>scene\resources</Filter>
    </ClInclude>
    <ClInclude Include="..\..\..\scene\resources\concave_polygon_shape_2d.h">
      <Filter>scene\resources</Filter>
    </ClInclude>
    <ClInclude Include="..\..\..\scene\resources\convex_polygon_shape.h">
      <Filter>scene\resources</Filter>
    </ClInclude>
    <ClInclude Include="..\..\..\scene\resources\convex_polygon_shape_2d.h">
      <Filter>scene\resources</Filter>
    </ClInclude>
    <ClInclude Include="..\..\..\scene\resources\curve.h">
      <Filter>scene\resources</Filter>
    </ClInclude>
    <ClInclude Include="..\..\..\scene\resources\environment.h">
      <Filter>scene\resources</Filter>
    </ClInclude>
    <ClInclude Include="..\..\..\scene\resources\font.h">
      <Filter>scene\resources</Filter>
    </ClInclude>
    <ClInclude Include="..\..\..\scene\resources\gibberish_stream.h">
      <Filter>scene\resources</Filter>
    </ClInclude>
    <ClInclude Include="..\..\..\scene\resources\material.h">
      <Filter>scene\resources</Filter>
    </ClInclude>
    <ClInclude Include="..\..\..\scene\resources\mesh.h">
      <Filter>scene\resources</Filter>
    </ClInclude>
    <ClInclude Include="..\..\..\scene\resources\mesh_data_tool.h">
      <Filter>scene\resources</Filter>
    </ClInclude>
    <ClInclude Include="..\..\..\scene\resources\mesh_library.h">
      <Filter>scene\resources</Filter>
    </ClInclude>
    <ClInclude Include="..\..\..\scene\resources\multimesh.h">
      <Filter>scene\resources</Filter>
    </ClInclude>
    <ClInclude Include="..\..\..\scene\resources\packed_scene.h">
      <Filter>scene\resources</Filter>
    </ClInclude>
    <ClInclude Include="..\..\..\scene\resources\plane_shape.h">
      <Filter>scene\resources</Filter>
    </ClInclude>
    <ClInclude Include="..\..\..\scene\resources\polygon_path_finder.h">
      <Filter>scene\resources</Filter>
    </ClInclude>
    <ClInclude Include="..\..\..\scene\resources\ray_shape.h">
      <Filter>scene\resources</Filter>
    </ClInclude>
    <ClInclude Include="..\..\..\scene\resources\rectangle_shape_2d.h">
      <Filter>scene\resources</Filter>
    </ClInclude>
    <ClInclude Include="..\..\..\scene\resources\room.h">
      <Filter>scene\resources</Filter>
    </ClInclude>
    <ClInclude Include="..\..\..\scene\resources\segment_shape_2d.h">
      <Filter>scene\resources</Filter>
    </ClInclude>
    <ClInclude Include="..\..\..\scene\resources\shader.h">
      <Filter>scene\resources</Filter>
    </ClInclude>
    <ClInclude Include="..\..\..\scene\resources\shader_graph.h">
      <Filter>scene\resources</Filter>
    </ClInclude>
    <ClInclude Include="..\..\..\scene\resources\shape.h">
      <Filter>scene\resources</Filter>
    </ClInclude>
    <ClInclude Include="..\..\..\scene\resources\shape_2d.h">
      <Filter>scene\resources</Filter>
    </ClInclude>
    <ClInclude Include="..\..\..\scene\resources\shape_line_2d.h">
      <Filter>scene\resources</Filter>
    </ClInclude>
    <ClInclude Include="..\..\..\scene\resources\space_2d.h">
      <Filter>scene\resources</Filter>
    </ClInclude>
    <ClInclude Include="..\..\..\scene\resources\sphere_shape.h">
      <Filter>scene\resources</Filter>
    </ClInclude>
    <ClInclude Include="..\..\..\scene\resources\style_box.h">
      <Filter>scene\resources</Filter>
    </ClInclude>
    <ClInclude Include="..\..\..\scene\resources\surface_tool.h">
      <Filter>scene\resources</Filter>
    </ClInclude>
    <ClInclude Include="..\..\..\scene\resources\texture.h">
      <Filter>scene\resources</Filter>
    </ClInclude>
    <ClInclude Include="..\..\..\scene\resources\theme.h">
      <Filter>scene\resources</Filter>
    </ClInclude>
    <ClInclude Include="..\..\..\scene\resources\tile_set.h">
      <Filter>scene\resources</Filter>
    </ClInclude>
    <ClInclude Include="..\..\..\scene\resources\video_stream.h">
      <Filter>scene\resources</Filter>
    </ClInclude>
    <ClInclude Include="..\..\..\scene\resources\world.h">
      <Filter>scene\resources</Filter>
    </ClInclude>
    <ClInclude Include="..\..\..\scene\resources\world_2d.h">
      <Filter>scene\resources</Filter>
    </ClInclude>
    <ClInclude Include="..\..\..\servers\audio_server.h">
      <Filter>servers</Filter>
    </ClInclude>
    <ClInclude Include="..\..\..\servers\physics_2d_server.h">
      <Filter>servers</Filter>
    </ClInclude>
    <ClInclude Include="..\..\..\servers\physics_server.h">
      <Filter>servers</Filter>
    </ClInclude>
    <ClInclude Include="..\..\..\servers\register_server_types.h">
      <Filter>servers</Filter>
    </ClInclude>
    <ClInclude Include="..\..\..\servers\visual_server.h">
      <Filter>servers</Filter>
    </ClInclude>
    <ClInclude Include="..\..\..\servers\audio\audio_driver_dummy.h">
      <Filter>servers\audio</Filter>
    </ClInclude>
    <ClInclude Include="..\..\..\servers\audio\audio_filter_sw.h">
      <Filter>servers\audio</Filter>
    </ClInclude>
    <ClInclude Include="..\..\..\servers\audio\reverb_sw.h">
      <Filter>servers\audio</Filter>
    </ClInclude>
    <ClInclude Include="..\..\..\servers\audio\voice_rb_sw.h">
      <Filter>servers\audio</Filter>
    </ClInclude>
    <ClInclude Include="..\..\..\servers\physics\area_pair_sw.h">
      <Filter>servers\physics</Filter>
    </ClInclude>
    <ClInclude Include="..\..\..\servers\physics\area_sw.h">
      <Filter>servers\physics</Filter>
    </ClInclude>
    <ClInclude Include="..\..\..\servers\physics\body_pair_sw.h">
      <Filter>servers\physics</Filter>
    </ClInclude>
    <ClInclude Include="..\..\..\servers\physics\body_sw.h">
      <Filter>servers\physics</Filter>
    </ClInclude>
    <ClInclude Include="..\..\..\servers\physics\broad_phase_basic.h">
      <Filter>servers\physics</Filter>
    </ClInclude>
    <ClInclude Include="..\..\..\servers\physics\broad_phase_octree.h">
      <Filter>servers\physics</Filter>
    </ClInclude>
    <ClInclude Include="..\..\..\servers\physics\broad_phase_sw.h">
      <Filter>servers\physics</Filter>
    </ClInclude>
    <ClInclude Include="..\..\..\servers\physics\collision_object_sw.h">
      <Filter>servers\physics</Filter>
    </ClInclude>
    <ClInclude Include="..\..\..\servers\physics\collision_solver_sat.h">
      <Filter>servers\physics</Filter>
    </ClInclude>
    <ClInclude Include="..\..\..\servers\physics\collision_solver_sw.h">
      <Filter>servers\physics</Filter>
    </ClInclude>
    <ClInclude Include="..\..\..\servers\physics\constraint_sw.h">
      <Filter>servers\physics</Filter>
    </ClInclude>
    <ClInclude Include="..\..\..\servers\physics\gjk_epa.h">
      <Filter>servers\physics</Filter>
    </ClInclude>
    <ClInclude Include="..\..\..\servers\physics\joints_sw.h">
      <Filter>servers\physics</Filter>
    </ClInclude>
    <ClInclude Include="..\..\..\servers\physics\physics_server_sw.h">
      <Filter>servers\physics</Filter>
    </ClInclude>
    <ClInclude Include="..\..\..\servers\physics\shape_sw.h">
      <Filter>servers\physics</Filter>
    </ClInclude>
    <ClInclude Include="..\..\..\servers\physics\space_sw.h">
      <Filter>servers\physics</Filter>
    </ClInclude>
    <ClInclude Include="..\..\..\servers\physics\step_sw.h">
      <Filter>servers\physics</Filter>
    </ClInclude>
    <ClInclude Include="..\..\..\servers\physics_2d\area_2d_sw.h">
      <Filter>servers\physics_2d</Filter>
    </ClInclude>
    <ClInclude Include="..\..\..\servers\physics_2d\area_pair_2d_sw.h">
      <Filter>servers\physics_2d</Filter>
    </ClInclude>
    <ClInclude Include="..\..\..\servers\physics_2d\body_2d_sw.h">
      <Filter>servers\physics_2d</Filter>
    </ClInclude>
    <ClInclude Include="..\..\..\servers\physics_2d\body_pair_2d_sw.h">
      <Filter>servers\physics_2d</Filter>
    </ClInclude>
    <ClInclude Include="..\..\..\servers\physics_2d\broad_phase_2d_basic.h">
      <Filter>servers\physics_2d</Filter>
    </ClInclude>
    <ClInclude Include="..\..\..\servers\physics_2d\broad_phase_2d_hash_grid.h">
      <Filter>servers\physics_2d</Filter>
    </ClInclude>
    <ClInclude Include="..\..\..\servers\physics_2d\broad_phase_2d_sw.h">
      <Filter>servers\physics_2d</Filter>
    </ClInclude>
    <ClInclude Include="..\..\..\servers\physics_2d\collision_object_2d_sw.h">
      <Filter>servers\physics_2d</Filter>
    </ClInclude>
    <ClInclude Include="..\..\..\servers\physics_2d\collision_solver_2d_sat.h">
      <Filter>servers\physics_2d</Filter>
    </ClInclude>
    <ClInclude Include="..\..\..\servers\physics_2d\collision_solver_2d_sw.h">
      <Filter>servers\physics_2d</Filter>
    </ClInclude>
    <ClInclude Include="..\..\..\servers\physics_2d\constraint_2d_sw.h">
      <Filter>servers\physics_2d</Filter>
    </ClInclude>
    <ClInclude Include="..\..\..\servers\physics_2d\joints_2d_sw.h">
      <Filter>servers\physics_2d</Filter>
    </ClInclude>
    <ClInclude Include="..\..\..\servers\physics_2d\physics_2d_server_sw.h">
      <Filter>servers\physics_2d</Filter>
    </ClInclude>
    <ClInclude Include="..\..\..\servers\physics_2d\shape_2d_sw.h">
      <Filter>servers\physics_2d</Filter>
    </ClInclude>
    <ClInclude Include="..\..\..\servers\physics_2d\space_2d_sw.h">
      <Filter>servers\physics_2d</Filter>
    </ClInclude>
    <ClInclude Include="..\..\..\servers\physics_2d\step_2d_sw.h">
      <Filter>servers\physics_2d</Filter>
    </ClInclude>
    <ClInclude Include="..\..\..\servers\visual\rasterizer.h">
      <Filter>servers\visual</Filter>
    </ClInclude>
    <ClInclude Include="..\..\..\servers\visual\shader_language.h">
      <Filter>servers\visual</Filter>
    </ClInclude>
    <ClInclude Include="..\..\..\servers\visual\visual_server_raster.h">
      <Filter>servers\visual</Filter>
    </ClInclude>
    <ClInclude Include="..\..\..\servers\visual\visual_server_wrap_mt.h">
      <Filter>servers\visual</Filter>
    </ClInclude>
    <ClInclude Include="..\..\..\servers\physics\joints\cone_twist_joint_sw.h">
      <Filter>servers\physics\joints</Filter>
    </ClInclude>
    <ClInclude Include="..\..\..\servers\physics\joints\generic_6dof_joint_sw.h">
      <Filter>servers\physics\joints</Filter>
    </ClInclude>
    <ClInclude Include="..\..\..\servers\physics\joints\hinge_joint_sw.h">
      <Filter>servers\physics\joints</Filter>
    </ClInclude>
    <ClInclude Include="..\..\..\servers\physics\joints\jacobian_entry_sw.h">
      <Filter>servers\physics\joints</Filter>
    </ClInclude>
    <ClInclude Include="..\..\..\servers\physics\joints\pin_joint_sw.h">
      <Filter>servers\physics\joints</Filter>
    </ClInclude>
    <ClInclude Include="..\..\..\servers\physics\joints\slider_joint_sw.h">
      <Filter>servers\physics\joints</Filter>
    </ClInclude>
    <ClInclude Include="..\..\..\drivers\register_driver_types.h">
      <Filter>drivers</Filter>
    </ClInclude>
    <ClInclude Include="..\..\..\drivers\windows\dir_access_windows.h">
      <Filter>drivers\windows</Filter>
    </ClInclude>
    <ClInclude Include="..\..\..\drivers\windows\file_access_windows.h">
      <Filter>drivers\windows</Filter>
    </ClInclude>
    <ClInclude Include="..\..\..\drivers\windows\mutex_windows.h">
      <Filter>drivers\windows</Filter>
    </ClInclude>
    <ClInclude Include="..\..\..\drivers\windows\semaphore_windows.h">
      <Filter>drivers\windows</Filter>
    </ClInclude>
    <ClInclude Include="..\..\..\drivers\windows\shell_windows.h">
      <Filter>drivers\windows</Filter>
    </ClInclude>
    <ClInclude Include="..\..\..\drivers\windows\thread_windows.h">
      <Filter>drivers\windows</Filter>
    </ClInclude>
    <ClInclude Include="..\..\..\scene\gui\graph_edit.h">
      <Filter>scene\gui</Filter>
    </ClInclude>
    <ClInclude Include="..\..\..\scene\gui\graph_node.h">
      <Filter>scene\gui</Filter>
    </ClInclude>
    <ClInclude Include="..\..\..\core\io\packet_peer_udp.h">
      <Filter>core\io</Filter>
    </ClInclude>
    <ClInclude Include="..\..\..\platform\android\export\export.h">
      <Filter>platform\android\export</Filter>
    </ClInclude>
    <ClInclude Include="..\..\..\platform\javascript\export\export.h">
      <Filter>platform\javascript\export</Filter>
    </ClInclude>
    <ClInclude Include="..\..\..\platform\osx\export\export.h">
      <Filter>platform\osx\export</Filter>
    </ClInclude>
    <ClInclude Include="..\..\..\platform\x11\export\export.h">
      <Filter>platform\x11\export</Filter>
    </ClInclude>
    <ClInclude Include="..\..\..\drivers\convex_decomp\b2d_decompose.h">
      <Filter>drivers\convex_decomp</Filter>
    </ClInclude>
    <ClInclude Include="..\..\..\drivers\rtaudio\audio_driver_rtaudio.h">
      <Filter>drivers\rtaudio</Filter>
    </ClInclude>
    <ClInclude Include="..\..\..\drivers\unix\os_unix.h">
      <Filter>drivers\unix</Filter>
    </ClInclude>
    <ClInclude Include="..\..\..\drivers\unix\packet_peer_udp_posix.h">
      <Filter>drivers\unix</Filter>
    </ClInclude>
    <ClInclude Include="..\..\..\drivers\unix\semaphore_posix.h">
      <Filter>drivers\unix</Filter>
    </ClInclude>
    <ClInclude Include="..\..\..\drivers\unix\stream_peer_tcp_posix.h">
      <Filter>drivers\unix</Filter>
    </ClInclude>
    <ClInclude Include="..\..\..\drivers\unix\tcp_server_posix.h">
      <Filter>drivers\unix</Filter>
    </ClInclude>
    <ClInclude Include="..\..\..\drivers\unix\thread_posix.h">
      <Filter>drivers\unix</Filter>
    </ClInclude>
    <ClInclude Include="..\..\..\drivers\unix\dir_access_unix.h">
      <Filter>drivers\unix</Filter>
    </ClInclude>
    <ClInclude Include="..\..\..\drivers\unix\file_access_unix.h">
      <Filter>drivers\unix</Filter>
    </ClInclude>
    <ClInclude Include="..\..\..\drivers\unix\ip_unix.h">
      <Filter>drivers\unix</Filter>
    </ClInclude>
    <ClInclude Include="..\..\..\drivers\unix\mutex_posix.h">
      <Filter>drivers\unix</Filter>
    </ClInclude>
    <ClInclude Include="..\..\..\drivers\alsa\audio_driver_alsa.h">
      <Filter>drivers\alsa</Filter>
    </ClInclude>
    <ClInclude Include="..\..\..\drivers\gl_context\context_gl.h">
      <Filter>drivers\gl_context</Filter>
    </ClInclude>
    <ClInclude Include="..\..\..\drivers\png\image_loader_png.h">
      <Filter>drivers\png</Filter>
    </ClInclude>
    <ClInclude Include="..\..\..\drivers\png\resource_saver_png.h">
      <Filter>drivers\png</Filter>
    </ClInclude>
    <ClInclude Include="..\..\..\modules\register_module_types.h">
      <Filter>modules</Filter>
    </ClInclude>
    <ClInclude Include="..\..\..\platform\windows\packet_peer_udp_winsock.h">
      <Filter>platform\windows</Filter>
    </ClInclude>
    <ClInclude Include="..\..\..\scene\resources\default_theme\default_theme.h">
      <Filter>scene\resources\default_theme</Filter>
    </ClInclude>
    <ClInclude Include="..\..\..\scene\2d\canvas_modulate.h">
      <Filter>scene\2d</Filter>
    </ClInclude>
    <ClInclude Include="..\..\..\scene\2d\light_2d.h">
      <Filter>scene\2d</Filter>
    </ClInclude>
    <ClInclude Include="..\..\..\scene\2d\navigation_polygon.h">
      <Filter>scene\2d</Filter>
    </ClInclude>
    <ClInclude Include="..\..\..\scene\2d\navigation2d.h">
      <Filter>scene\2d</Filter>
    </ClInclude>
    <ClInclude Include="..\..\..\scene\2d\light_occluder_2d.h">
      <Filter>scene\2d</Filter>
    </ClInclude>
    <ClInclude Include="..\..\..\platform\iphone\globals\global_defaults.h">
      <Filter>platform\iphone\globals</Filter>
    </ClInclude>
    <ClInclude Include="..\..\..\scene\resources\default_theme\theme_data.h">
      <Filter>scene\resources\default_theme</Filter>
    </ClInclude>
    <ClInclude Include="..\..\..\scene\gui\check_box.h">
      <Filter>scene\gui</Filter>
    </ClInclude>
    <ClInclude Include="..\..\..\scene\2d\back_buffer_copy.h">
      <Filter>scene\2d</Filter>
    </ClInclude>
    <ClInclude Include="..\..\..\scene\gui\item_list.h">
      <Filter>scene\gui</Filter>
    </ClInclude>
    <ClInclude Include="..\..\..\main\input_default.h">
      <Filter>main</Filter>
    </ClInclude>
    <ClInclude Include="..\..\..\scene\resources\color_ramp.h">
      <Filter>scene\resources</Filter>
    </ClInclude>
    <ClInclude Include="..\..\..\scene\main\instance_placeholder.h">
      <Filter>scene\main</Filter>
    </ClInclude>
    <ClInclude Include="..\..\..\servers\audio\audio_rb_resampler.h">
      <Filter>servers\audio</Filter>
    </ClInclude>
    <ClInclude Include="..\..\..\servers\physics_2d\physics_2d_server_wrap_mt.h">
      <Filter>servers\physics_2d</Filter>
    </ClInclude>
    <ClInclude Include="..\..\..\scene\resources\scene_format_text.h">
      <Filter>scene\resources</Filter>
    </ClInclude>
    <ClInclude Include="..\..\..\core\variant_parser.h">
      <Filter>core</Filter>
    </ClInclude>
    <ClInclude Include="..\..\..\core\version.h">
      <Filter>core</Filter>
    </ClInclude>
    <ClInclude Include="..\..\..\scene\main\http_request.h">
      <Filter>scene\main</Filter>
    </ClInclude>
    <ClInclude Include="..\..\..\scene\gui\link_button.h">
      <Filter>scene\gui</Filter>
    </ClInclude>
    <ClInclude Include="..\..\..\drivers\gl_context\GL\glxew.h">
      <Filter>drivers\gl_context\GL</Filter>
    </ClInclude>
    <ClInclude Include="..\..\..\drivers\gl_context\GL\wglew.h">
      <Filter>drivers\gl_context\GL</Filter>
    </ClInclude>
    <ClInclude Include="..\..\..\drivers\gl_context\GL\glew.h">
      <Filter>drivers\gl_context\GL</Filter>
    </ClInclude>
    <ClInclude Include="..\..\..\scene\resources\dynamic_font.h">
      <Filter>scene\resources</Filter>
    </ClInclude>
    <ClInclude Include="..\..\..\scene\resources\dynamic_font_stb.h">
      <Filter>scene\resources</Filter>
    </ClInclude>
    <ClInclude Include="..\..\..\scene\audio\audio_player.h">
      <Filter>scene\audio</Filter>
    </ClInclude>
    <ClInclude Include="..\..\..\drivers\gles3\rasterizer_canvas_gles3.h">
      <Filter>drivers\gles3</Filter>
    </ClInclude>
    <ClInclude Include="..\..\..\drivers\gles3\rasterizer_gles3.h">
      <Filter>drivers\gles3</Filter>
    </ClInclude>
    <ClInclude Include="..\..\..\drivers\gles3\rasterizer_scene_gles3.h">
      <Filter>drivers\gles3</Filter>
    </ClInclude>
    <ClInclude Include="..\..\..\drivers\gles3\rasterizer_storage_gles3.h">
      <Filter>drivers\gles3</Filter>
    </ClInclude>
    <ClInclude Include="..\..\..\drivers\gles3\shader_compiler_gles3.h">
      <Filter>drivers\gles3</Filter>
    </ClInclude>
    <ClInclude Include="..\..\..\drivers\gles3\shader_gles3.h">
      <Filter>drivers\gles3</Filter>
    </ClInclude>
  </ItemGroup>
  <ItemGroup>
    <ClCompile Include="..\..\..\main\main.cpp">
      <Filter>main</Filter>
    </ClCompile>
    <ClCompile Include="..\..\..\main\performance.cpp">
      <Filter>main</Filter>
    </ClCompile>
    <ClCompile Include="..\..\..\core\object.cpp">
      <Filter>core</Filter>
    </ClCompile>
    <ClCompile Include="..\..\..\core\packed_data_container.cpp">
      <Filter>core</Filter>
    </ClCompile>
    <ClCompile Include="..\..\..\core\path_remap.cpp">
      <Filter>core</Filter>
    </ClCompile>
    <ClCompile Include="..\..\..\core\pool_allocator.cpp">
      <Filter>core</Filter>
    </ClCompile>
    <ClCompile Include="..\..\..\core\print_string.cpp">
      <Filter>core</Filter>
    </ClCompile>
    <ClCompile Include="..\..\..\core\ref_ptr.cpp">
      <Filter>core</Filter>
    </ClCompile>
    <ClCompile Include="..\..\..\core\reference.cpp">
      <Filter>core</Filter>
    </ClCompile>
    <ClCompile Include="..\..\..\core\register_core_types.cpp">
      <Filter>core</Filter>
    </ClCompile>
    <ClCompile Include="..\..\..\core\resource.cpp">
      <Filter>core</Filter>
    </ClCompile>
    <ClCompile Include="..\..\..\core\rid.cpp">
      <Filter>core</Filter>
    </ClCompile>
    <ClCompile Include="..\..\..\core\safe_refcount.cpp">
      <Filter>core</Filter>
    </ClCompile>
    <ClCompile Include="..\..\..\core\script_debugger_local.cpp">
      <Filter>core</Filter>
    </ClCompile>
    <ClCompile Include="..\..\..\core\script_debugger_remote.cpp">
      <Filter>core</Filter>
    </ClCompile>
    <ClCompile Include="..\..\..\core\script_language.cpp">
      <Filter>core</Filter>
    </ClCompile>
    <ClCompile Include="..\..\..\core\string_db.cpp">
      <Filter>core</Filter>
    </ClCompile>
    <ClCompile Include="..\..\..\core\translation.cpp">
      <Filter>core</Filter>
    </ClCompile>
    <ClCompile Include="..\..\..\core\undo_redo.cpp">
      <Filter>core</Filter>
    </ClCompile>
    <ClCompile Include="..\..\..\core\ustring.cpp">
      <Filter>core</Filter>
    </ClCompile>
    <ClCompile Include="..\..\..\core\variant.cpp">
      <Filter>core</Filter>
    </ClCompile>
    <ClCompile Include="..\..\..\core\variant_call.cpp">
      <Filter>core</Filter>
    </ClCompile>
    <ClCompile Include="..\..\..\core\variant_op.cpp">
      <Filter>core</Filter>
    </ClCompile>
    <ClCompile Include="..\..\..\core\array.cpp">
      <Filter>core</Filter>
    </ClCompile>
    <ClCompile Include="..\..\..\core\color.cpp">
      <Filter>core</Filter>
    </ClCompile>
    <ClCompile Include="..\..\..\core\command_queue_mt.cpp">
      <Filter>core</Filter>
    </ClCompile>
    <ClCompile Include="..\..\..\core\compressed_translation.cpp">
      <Filter>core</Filter>
    </ClCompile>
    <ClCompile Include="..\..\..\core\core_string_names.cpp">
      <Filter>core</Filter>
    </ClCompile>
    <ClCompile Include="..\..\..\core\dictionary.cpp">
      <Filter>core</Filter>
    </ClCompile>
    <ClCompile Include="..\..\..\core\dvector.cpp">
      <Filter>core</Filter>
    </ClCompile>
    <ClCompile Include="..\..\..\core\error_macros.cpp">
      <Filter>core</Filter>
    </ClCompile>
    <ClCompile Include="..\..\..\core\event_queue.cpp">
      <Filter>core</Filter>
    </ClCompile>
    <ClCompile Include="..\..\..\core\func_ref.cpp">
      <Filter>core</Filter>
    </ClCompile>
    <ClCompile Include="..\..\..\core\global_constants.cpp">
      <Filter>core</Filter>
    </ClCompile>
    <ClCompile Include="..\..\..\core\image.cpp">
      <Filter>core</Filter>
    </ClCompile>
    <ClCompile Include="..\..\..\core\input_map.cpp">
      <Filter>core</Filter>
    </ClCompile>
    <ClCompile Include="..\..\..\core\message_queue.cpp">
      <Filter>core</Filter>
    </ClCompile>
    <ClCompile Include="..\..\..\core\method_bind.cpp">
      <Filter>core</Filter>
    </ClCompile>
    <ClCompile Include="..\..\..\core\bind\core_bind.cpp">
      <Filter>core\bind</Filter>
    </ClCompile>
    <ClCompile Include="..\..\..\core\io\file_access_zip.cpp">
      <Filter>core\io</Filter>
    </ClCompile>
    <ClCompile Include="..\..\..\core\io\http_client.cpp">
      <Filter>core\io</Filter>
    </ClCompile>
    <ClCompile Include="..\..\..\core\io\image_loader.cpp">
      <Filter>core\io</Filter>
    </ClCompile>
    <ClCompile Include="..\..\..\core\io\ip.cpp">
      <Filter>core\io</Filter>
    </ClCompile>
    <ClCompile Include="..\..\..\core\io\ip_address.cpp">
      <Filter>core\io</Filter>
    </ClCompile>
    <ClCompile Include="..\..\..\core\io\json.cpp">
      <Filter>core\io</Filter>
    </ClCompile>
    <ClCompile Include="..\..\..\core\io\marshalls.cpp">
      <Filter>core\io</Filter>
    </ClCompile>
    <ClCompile Include="..\..\..\core\io\packet_peer.cpp">
      <Filter>core\io</Filter>
    </ClCompile>
    <ClCompile Include="..\..\..\core\io\resource_format_binary.cpp">
      <Filter>core\io</Filter>
    </ClCompile>
    <ClCompile Include="..\..\..\core\io\resource_loader.cpp">
      <Filter>core\io</Filter>
    </ClCompile>
    <ClCompile Include="..\..\..\core\io\resource_saver.cpp">
      <Filter>core\io</Filter>
    </ClCompile>
    <ClCompile Include="..\..\..\core\io\stream_peer.cpp">
      <Filter>core\io</Filter>
    </ClCompile>
    <ClCompile Include="..\..\..\core\io\stream_peer_ssl.cpp">
      <Filter>core\io</Filter>
    </ClCompile>
    <ClCompile Include="..\..\..\core\io\stream_peer_tcp.cpp">
      <Filter>core\io</Filter>
    </ClCompile>
    <ClCompile Include="..\..\..\core\io\tcp_server.cpp">
      <Filter>core\io</Filter>
    </ClCompile>
    <ClCompile Include="..\..\..\core\io\translation_loader_po.cpp">
      <Filter>core\io</Filter>
    </ClCompile>
    <ClCompile Include="..\..\..\core\io\xml_parser.cpp">
      <Filter>core\io</Filter>
    </ClCompile>
    <ClCompile Include="..\..\..\core\io\compression.cpp">
      <Filter>core\io</Filter>
    </ClCompile>
    <ClCompile Include="..\..\..\core\io\config_file.cpp">
      <Filter>core\io</Filter>
    </ClCompile>
    <ClCompile Include="..\..\..\core\io\file_access_buffered.cpp">
      <Filter>core\io</Filter>
    </ClCompile>
    <ClCompile Include="..\..\..\core\io\file_access_compressed.cpp">
      <Filter>core\io</Filter>
    </ClCompile>
    <ClCompile Include="..\..\..\core\io\file_access_encrypted.cpp">
      <Filter>core\io</Filter>
    </ClCompile>
    <ClCompile Include="..\..\..\core\io\file_access_memory.cpp">
      <Filter>core\io</Filter>
    </ClCompile>
    <ClCompile Include="..\..\..\core\io\file_access_network.cpp">
      <Filter>core\io</Filter>
    </ClCompile>
    <ClCompile Include="..\..\..\core\io\file_access_pack.cpp">
      <Filter>core\io</Filter>
    </ClCompile>
    <ClCompile Include="..\..\..\core\math\math_funcs.cpp">
      <Filter>core\math</Filter>
    </ClCompile>
    <ClCompile Include="..\..\..\core\math\matrix3.cpp">
      <Filter>core\math</Filter>
    </ClCompile>
    <ClCompile Include="..\..\..\core\math\plane.cpp">
      <Filter>core\math</Filter>
    </ClCompile>
    <ClCompile Include="..\..\..\core\math\quat.cpp">
      <Filter>core\math</Filter>
    </ClCompile>
    <ClCompile Include="..\..\..\core\math\quick_hull.cpp">
      <Filter>core\math</Filter>
    </ClCompile>
    <ClCompile Include="..\..\..\core\math\transform.cpp">
      <Filter>core\math</Filter>
    </ClCompile>
    <ClCompile Include="..\..\..\core\math\triangle_mesh.cpp">
      <Filter>core\math</Filter>
    </ClCompile>
    <ClCompile Include="..\..\..\core\math\triangulate.cpp">
      <Filter>core\math</Filter>
    </ClCompile>
    <ClCompile Include="..\..\..\core\math\vector3.cpp">
      <Filter>core\math</Filter>
    </ClCompile>
    <ClCompile Include="..\..\..\core\math\bsp_tree.cpp">
      <Filter>core\math</Filter>
    </ClCompile>
    <ClCompile Include="..\..\..\core\math\camera_matrix.cpp">
      <Filter>core\math</Filter>
    </ClCompile>
    <ClCompile Include="..\..\..\core\math\face3.cpp">
      <Filter>core\math</Filter>
    </ClCompile>
    <ClCompile Include="..\..\..\core\math\geometry.cpp">
      <Filter>core\math</Filter>
    </ClCompile>
    <ClCompile Include="..\..\..\core\math\math_2d.cpp">
      <Filter>core\math</Filter>
    </ClCompile>
    <ClCompile Include="..\..\..\core\os\thread.cpp">
      <Filter>core\os</Filter>
    </ClCompile>
    <ClCompile Include="..\..\..\core\os\thread_dummy.cpp">
      <Filter>core\os</Filter>
    </ClCompile>
    <ClCompile Include="..\..\..\core\os\thread_safe.cpp">
      <Filter>core\os</Filter>
    </ClCompile>
    <ClCompile Include="..\..\..\core\os\dir_access.cpp">
      <Filter>core\os</Filter>
    </ClCompile>
    <ClCompile Include="..\..\..\core\os\file_access.cpp">
      <Filter>core\os</Filter>
    </ClCompile>
    <ClCompile Include="..\..\..\core\os\input.cpp">
      <Filter>core\os</Filter>
    </ClCompile>
    <ClCompile Include="..\..\..\core\os\input_event.cpp">
      <Filter>core\os</Filter>
    </ClCompile>
    <ClCompile Include="..\..\..\core\os\keyboard.cpp">
      <Filter>core\os</Filter>
    </ClCompile>
    <ClCompile Include="..\..\..\core\os\main_loop.cpp">
      <Filter>core\os</Filter>
    </ClCompile>
    <ClCompile Include="..\..\..\core\os\memory.cpp">
      <Filter>core\os</Filter>
    </ClCompile>
    <ClCompile Include="..\..\..\core\os\mutex.cpp">
      <Filter>core\os</Filter>
    </ClCompile>
    <ClCompile Include="..\..\..\core\os\os.cpp">
      <Filter>core\os</Filter>
    </ClCompile>
    <ClCompile Include="..\..\..\core\os\semaphore.cpp">
      <Filter>core\os</Filter>
    </ClCompile>
    <ClCompile Include="..\..\..\core\os\shell.cpp">
      <Filter>core\os</Filter>
    </ClCompile>
    <ClCompile Include="..\..\..\modules\gdscript\gd_tokenizer.cpp">
      <Filter>modules\gdscript</Filter>
    </ClCompile>
    <ClCompile Include="..\..\..\modules\gdscript\register_types.cpp">
      <Filter>modules\gdscript</Filter>
    </ClCompile>
    <ClCompile Include="..\..\..\modules\gdscript\gd_compiler.cpp">
      <Filter>modules\gdscript</Filter>
    </ClCompile>
    <ClCompile Include="..\..\..\modules\gdscript\gd_editor.cpp">
      <Filter>modules\gdscript</Filter>
    </ClCompile>
    <ClCompile Include="..\..\..\modules\gdscript\gd_functions.cpp">
      <Filter>modules\gdscript</Filter>
    </ClCompile>
    <ClCompile Include="..\..\..\modules\gdscript\gd_parser.cpp">
      <Filter>modules\gdscript</Filter>
    </ClCompile>
    <ClCompile Include="..\..\..\modules\gdscript\gd_script.cpp">
      <Filter>modules\gdscript</Filter>
    </ClCompile>
    <ClCompile Include="..\..\..\modules\gridmap\grid_map.cpp">
      <Filter>modules\gridmap</Filter>
    </ClCompile>
    <ClCompile Include="..\..\..\modules\gridmap\grid_map_editor_plugin.cpp">
      <Filter>modules\gridmap</Filter>
    </ClCompile>
    <ClCompile Include="..\..\..\modules\gridmap\register_types.cpp">
      <Filter>modules\gridmap</Filter>
    </ClCompile>
    <ClCompile Include="..\..\..\platform\windows\context_gl_win.cpp">
      <Filter>platform\windows</Filter>
    </ClCompile>
    <ClCompile Include="..\..\..\platform\windows\ctxgl_procaddr.cpp">
      <Filter>platform\windows</Filter>
    </ClCompile>
    <ClCompile Include="..\..\..\platform\windows\godot_win.cpp">
      <Filter>platform\windows</Filter>
    </ClCompile>
    <ClCompile Include="..\..\..\platform\windows\key_mapping_win.cpp">
      <Filter>platform\windows</Filter>
    </ClCompile>
    <ClCompile Include="..\..\..\platform\windows\os_windows.cpp">
      <Filter>platform\windows</Filter>
    </ClCompile>
    <ClCompile Include="..\..\..\platform\windows\stream_peer_winsock.cpp">
      <Filter>platform\windows</Filter>
    </ClCompile>
    <ClCompile Include="..\..\..\platform\windows\tcp_server_winsock.cpp">
      <Filter>platform\windows</Filter>
    </ClCompile>
    <ClCompile Include="..\..\..\scene\register_scene_types.cpp">
      <Filter>scene</Filter>
    </ClCompile>
    <ClCompile Include="..\..\..\scene\scene_string_names.cpp">
      <Filter>scene</Filter>
    </ClCompile>
    <ClCompile Include="..\..\..\scene\2d\position_2d.cpp">
      <Filter>scene\2d</Filter>
    </ClCompile>
    <ClCompile Include="..\..\..\scene\2d\ray_cast_2d.cpp">
      <Filter>scene\2d</Filter>
    </ClCompile>
    <ClCompile Include="..\..\..\scene\2d\remote_transform_2d.cpp">
      <Filter>scene\2d</Filter>
    </ClCompile>
    <ClCompile Include="..\..\..\scene\2d\screen_button.cpp">
      <Filter>scene\2d</Filter>
    </ClCompile>
    <ClCompile Include="..\..\..\scene\2d\sprite.cpp">
      <Filter>scene\2d</Filter>
    </ClCompile>
    <ClCompile Include="..\..\..\scene\2d\tile_map.cpp">
      <Filter>scene\2d</Filter>
    </ClCompile>
    <ClCompile Include="..\..\..\scene\2d\visibility_notifier_2d.cpp">
      <Filter>scene\2d</Filter>
    </ClCompile>
    <ClCompile Include="..\..\..\scene\2d\y_sort.cpp">
      <Filter>scene\2d</Filter>
    </ClCompile>
    <ClCompile Include="..\..\..\scene\2d\animated_sprite.cpp">
      <Filter>scene\2d</Filter>
    </ClCompile>
    <ClCompile Include="..\..\..\scene\2d\area_2d.cpp">
      <Filter>scene\2d</Filter>
    </ClCompile>
    <ClCompile Include="..\..\..\scene\2d\camera_2d.cpp">
      <Filter>scene\2d</Filter>
    </ClCompile>
    <ClCompile Include="..\..\..\scene\2d\canvas_item.cpp">
      <Filter>scene\2d</Filter>
    </ClCompile>
    <ClCompile Include="..\..\..\scene\2d\collision_object_2d.cpp">
      <Filter>scene\2d</Filter>
    </ClCompile>
    <ClCompile Include="..\..\..\scene\2d\collision_polygon_2d.cpp">
      <Filter>scene\2d</Filter>
    </ClCompile>
    <ClCompile Include="..\..\..\scene\2d\collision_shape_2d.cpp">
      <Filter>scene\2d</Filter>
    </ClCompile>
    <ClCompile Include="..\..\..\scene\2d\joints_2d.cpp">
      <Filter>scene\2d</Filter>
    </ClCompile>
    <ClCompile Include="..\..\..\scene\2d\node_2d.cpp">
      <Filter>scene\2d</Filter>
    </ClCompile>
    <ClCompile Include="..\..\..\scene\2d\parallax_background.cpp">
      <Filter>scene\2d</Filter>
    </ClCompile>
    <ClCompile Include="..\..\..\scene\2d\parallax_layer.cpp">
      <Filter>scene\2d</Filter>
    </ClCompile>
    <ClCompile Include="..\..\..\scene\2d\particles_2d.cpp">
      <Filter>scene\2d</Filter>
    </ClCompile>
    <ClCompile Include="..\..\..\scene\2d\path_2d.cpp">
      <Filter>scene\2d</Filter>
    </ClCompile>
    <ClCompile Include="..\..\..\scene\2d\path_texture.cpp">
      <Filter>scene\2d</Filter>
    </ClCompile>
    <ClCompile Include="..\..\..\scene\2d\physics_body_2d.cpp">
      <Filter>scene\2d</Filter>
    </ClCompile>
    <ClCompile Include="..\..\..\scene\2d\polygon_2d.cpp">
      <Filter>scene\2d</Filter>
    </ClCompile>
    <ClCompile Include="..\..\..\scene\3d\area.cpp">
      <Filter>scene\3d</Filter>
    </ClCompile>
    <ClCompile Include="..\..\..\scene\3d\bone_attachment.cpp">
      <Filter>scene\3d</Filter>
    </ClCompile>
    <ClCompile Include="..\..\..\scene\3d\camera.cpp">
      <Filter>scene\3d</Filter>
    </ClCompile>
    <ClCompile Include="..\..\..\scene\3d\character_camera.cpp">
      <Filter>scene\3d</Filter>
    </ClCompile>
    <ClCompile Include="..\..\..\scene\3d\collision_object.cpp">
      <Filter>scene\3d</Filter>
    </ClCompile>
    <ClCompile Include="..\..\..\scene\3d\collision_polygon.cpp">
      <Filter>scene\3d</Filter>
    </ClCompile>
    <ClCompile Include="..\..\..\scene\3d\immediate_geometry.cpp">
      <Filter>scene\3d</Filter>
    </ClCompile>
    <ClCompile Include="..\..\..\scene\3d\interpolated_camera.cpp">
      <Filter>scene\3d</Filter>
    </ClCompile>
    <ClCompile Include="..\..\..\scene\3d\light.cpp">
      <Filter>scene\3d</Filter>
    </ClCompile>
    <ClCompile Include="..\..\..\scene\3d\mesh_instance.cpp">
      <Filter>scene\3d</Filter>
    </ClCompile>
    <ClCompile Include="..\..\..\scene\3d\multimesh_instance.cpp">
      <Filter>scene\3d</Filter>
    </ClCompile>
    <ClCompile Include="..\..\..\scene\3d\navigation.cpp">
      <Filter>scene\3d</Filter>
    </ClCompile>
    <ClCompile Include="..\..\..\scene\3d\navigation_mesh.cpp">
      <Filter>scene\3d</Filter>
    </ClCompile>
    <ClCompile Include="..\..\..\scene\3d\particles.cpp">
      <Filter>scene\3d</Filter>
    </ClCompile>
    <ClCompile Include="..\..\..\scene\3d\path.cpp">
      <Filter>scene\3d</Filter>
    </ClCompile>
    <ClCompile Include="..\..\..\scene\3d\physics_body.cpp">
      <Filter>scene\3d</Filter>
    </ClCompile>
    <ClCompile Include="..\..\..\scene\3d\physics_joint.cpp">
      <Filter>scene\3d</Filter>
    </ClCompile>
    <ClCompile Include="..\..\..\scene\3d\portal.cpp">
      <Filter>scene\3d</Filter>
    </ClCompile>
    <ClCompile Include="..\..\..\scene\3d\position_3d.cpp">
      <Filter>scene\3d</Filter>
    </ClCompile>
    <ClCompile Include="..\..\..\scene\3d\proximity_group.cpp">
      <Filter>scene\3d</Filter>
    </ClCompile>
    <ClCompile Include="..\..\..\scene\3d\ray_cast.cpp">
      <Filter>scene\3d</Filter>
    </ClCompile>
    <ClCompile Include="..\..\..\scene\3d\room_instance.cpp">
      <Filter>scene\3d</Filter>
    </ClCompile>
    <ClCompile Include="..\..\..\scene\3d\scenario_fx.cpp">
      <Filter>scene\3d</Filter>
    </ClCompile>
    <ClCompile Include="..\..\..\scene\3d\skeleton.cpp">
      <Filter>scene\3d</Filter>
    </ClCompile>
    <ClCompile Include="..\..\..\scene\3d\spatial.cpp">
      <Filter>scene\3d</Filter>
    </ClCompile>
    <ClCompile Include="..\..\..\scene\3d\spatial_indexer.cpp">
      <Filter>scene\3d</Filter>
    </ClCompile>
    <ClCompile Include="..\..\..\scene\3d\sprite_3d.cpp">
      <Filter>scene\3d</Filter>
    </ClCompile>
    <ClCompile Include="..\..\..\scene\3d\vehicle_body.cpp">
      <Filter>scene\3d</Filter>
    </ClCompile>
    <ClCompile Include="..\..\..\scene\3d\visibility_notifier.cpp">
      <Filter>scene\3d</Filter>
    </ClCompile>
    <ClCompile Include="..\..\..\scene\3d\visual_instance.cpp">
      <Filter>scene\3d</Filter>
    </ClCompile>
    <ClCompile Include="..\..\..\scene\animation\tween.cpp">
      <Filter>scene\animation</Filter>
    </ClCompile>
    <ClCompile Include="..\..\..\scene\animation\tween_interpolaters.cpp">
      <Filter>scene\animation</Filter>
    </ClCompile>
    <ClCompile Include="..\..\..\scene\animation\animation_cache.cpp">
      <Filter>scene\animation</Filter>
    </ClCompile>
    <ClCompile Include="..\..\..\scene\animation\animation_player.cpp">
      <Filter>scene\animation</Filter>
    </ClCompile>
    <ClCompile Include="..\..\..\scene\animation\animation_tree_player.cpp">
      <Filter>scene\animation</Filter>
    </ClCompile>
    <ClCompile Include="..\..\..\scene\gui\popup_menu.cpp">
      <Filter>scene\gui</Filter>
    </ClCompile>
    <ClCompile Include="..\..\..\scene\gui\progress_bar.cpp">
      <Filter>scene\gui</Filter>
    </ClCompile>
    <ClCompile Include="..\..\..\scene\gui\range.cpp">
      <Filter>scene\gui</Filter>
    </ClCompile>
    <ClCompile Include="..\..\..\scene\gui\rich_text_label.cpp">
      <Filter>scene\gui</Filter>
    </ClCompile>
    <ClCompile Include="..\..\..\scene\gui\scroll_bar.cpp">
      <Filter>scene\gui</Filter>
    </ClCompile>
    <ClCompile Include="..\..\..\scene\gui\scroll_container.cpp">
      <Filter>scene\gui</Filter>
    </ClCompile>
    <ClCompile Include="..\..\..\scene\gui\separator.cpp">
      <Filter>scene\gui</Filter>
    </ClCompile>
    <ClCompile Include="..\..\..\scene\gui\slider.cpp">
      <Filter>scene\gui</Filter>
    </ClCompile>
    <ClCompile Include="..\..\..\scene\gui\spin_box.cpp">
      <Filter>scene\gui</Filter>
    </ClCompile>
    <ClCompile Include="..\..\..\scene\gui\split_container.cpp">
      <Filter>scene\gui</Filter>
    </ClCompile>
    <ClCompile Include="..\..\..\scene\gui\tab_container.cpp">
      <Filter>scene\gui</Filter>
    </ClCompile>
    <ClCompile Include="..\..\..\scene\gui\tabs.cpp">
      <Filter>scene\gui</Filter>
    </ClCompile>
    <ClCompile Include="..\..\..\scene\gui\text_edit.cpp">
      <Filter>scene\gui</Filter>
    </ClCompile>
    <ClCompile Include="..\..\..\scene\gui\texture_button.cpp">
      <Filter>scene\gui</Filter>
    </ClCompile>
    <ClCompile Include="..\..\..\scene\gui\texture_progress.cpp">
      <Filter>scene\gui</Filter>
    </ClCompile>
    <ClCompile Include="..\..\..\scene\gui\tool_button.cpp">
      <Filter>scene\gui</Filter>
    </ClCompile>
    <ClCompile Include="..\..\..\scene\gui\tree.cpp">
      <Filter>scene\gui</Filter>
    </ClCompile>
    <ClCompile Include="..\..\..\scene\gui\video_player.cpp">
      <Filter>scene\gui</Filter>
    </ClCompile>
    <ClCompile Include="..\..\..\scene\gui\base_button.cpp">
      <Filter>scene\gui</Filter>
    </ClCompile>
    <ClCompile Include="..\..\..\scene\gui\box_container.cpp">
      <Filter>scene\gui</Filter>
    </ClCompile>
    <ClCompile Include="..\..\..\scene\gui\button.cpp">
      <Filter>scene\gui</Filter>
    </ClCompile>
    <ClCompile Include="..\..\..\scene\gui\button_group.cpp">
      <Filter>scene\gui</Filter>
    </ClCompile>
    <ClCompile Include="..\..\..\scene\gui\center_container.cpp">
      <Filter>scene\gui</Filter>
    </ClCompile>
    <ClCompile Include="..\..\..\scene\gui\check_button.cpp">
      <Filter>scene\gui</Filter>
    </ClCompile>
    <ClCompile Include="..\..\..\scene\gui\color_picker.cpp">
      <Filter>scene\gui</Filter>
    </ClCompile>
    <ClCompile Include="..\..\..\scene\gui\container.cpp">
      <Filter>scene\gui</Filter>
    </ClCompile>
    <ClCompile Include="..\..\..\scene\gui\control.cpp">
      <Filter>scene\gui</Filter>
    </ClCompile>
    <ClCompile Include="..\..\..\scene\gui\dialogs.cpp">
      <Filter>scene\gui</Filter>
    </ClCompile>
    <ClCompile Include="..\..\..\scene\gui\file_dialog.cpp">
      <Filter>scene\gui</Filter>
    </ClCompile>
    <ClCompile Include="..\..\..\scene\gui\grid_container.cpp">
      <Filter>scene\gui</Filter>
    </ClCompile>
    <ClCompile Include="..\..\..\scene\gui\label.cpp">
      <Filter>scene\gui</Filter>
    </ClCompile>
    <ClCompile Include="..\..\..\scene\gui\line_edit.cpp">
      <Filter>scene\gui</Filter>
    </ClCompile>
    <ClCompile Include="..\..\..\scene\gui\margin_container.cpp">
      <Filter>scene\gui</Filter>
    </ClCompile>
    <ClCompile Include="..\..\..\scene\gui\menu_button.cpp">
      <Filter>scene\gui</Filter>
    </ClCompile>
    <ClCompile Include="..\..\..\scene\gui\option_button.cpp">
      <Filter>scene\gui</Filter>
    </ClCompile>
    <ClCompile Include="..\..\..\scene\gui\panel.cpp">
      <Filter>scene\gui</Filter>
    </ClCompile>
    <ClCompile Include="..\..\..\scene\gui\panel_container.cpp">
      <Filter>scene\gui</Filter>
    </ClCompile>
    <ClCompile Include="..\..\..\scene\gui\popup.cpp">
      <Filter>scene\gui</Filter>
    </ClCompile>
    <ClCompile Include="..\..\..\scene\io\resource_format_image.cpp">
      <Filter>scene\io</Filter>
    </ClCompile>
    <ClCompile Include="..\..\..\scene\io\resource_format_wav.cpp">
      <Filter>scene\io</Filter>
    </ClCompile>
    <ClCompile Include="..\..\..\scene\main\canvas_layer.cpp">
      <Filter>scene\main</Filter>
    </ClCompile>
    <ClCompile Include="..\..\..\scene\main\node.cpp">
      <Filter>scene\main</Filter>
    </ClCompile>
    <ClCompile Include="..\..\..\scene\main\resource_preloader.cpp">
      <Filter>scene\main</Filter>
    </ClCompile>
    <ClCompile Include="..\..\..\scene\main\timer.cpp">
      <Filter>scene\main</Filter>
    </ClCompile>
    <ClCompile Include="..\..\..\scene\main\viewport.cpp">
      <Filter>scene\main</Filter>
    </ClCompile>
    <ClCompile Include="..\..\..\scene\resources\convex_polygon_shape_2d.cpp">
      <Filter>scene\resources</Filter>
    </ClCompile>
    <ClCompile Include="..\..\..\scene\resources\curve.cpp">
      <Filter>scene\resources</Filter>
    </ClCompile>
    <ClCompile Include="..\..\..\scene\resources\environment.cpp">
      <Filter>scene\resources</Filter>
    </ClCompile>
    <ClCompile Include="..\..\..\scene\resources\font.cpp">
      <Filter>scene\resources</Filter>
    </ClCompile>
    <ClCompile Include="..\..\..\scene\resources\gibberish_stream.cpp">
      <Filter>scene\resources</Filter>
    </ClCompile>
    <ClCompile Include="..\..\..\scene\resources\material.cpp">
      <Filter>scene\resources</Filter>
    </ClCompile>
    <ClCompile Include="..\..\..\scene\resources\mesh.cpp">
      <Filter>scene\resources</Filter>
    </ClCompile>
    <ClCompile Include="..\..\..\scene\resources\mesh_data_tool.cpp">
      <Filter>scene\resources</Filter>
    </ClCompile>
    <ClCompile Include="..\..\..\scene\resources\mesh_library.cpp">
      <Filter>scene\resources</Filter>
    </ClCompile>
    <ClCompile Include="..\..\..\scene\resources\multimesh.cpp">
      <Filter>scene\resources</Filter>
    </ClCompile>
    <ClCompile Include="..\..\..\scene\resources\packed_scene.cpp">
      <Filter>scene\resources</Filter>
    </ClCompile>
    <ClCompile Include="..\..\..\scene\resources\plane_shape.cpp">
      <Filter>scene\resources</Filter>
    </ClCompile>
    <ClCompile Include="..\..\..\scene\resources\polygon_path_finder.cpp">
      <Filter>scene\resources</Filter>
    </ClCompile>
    <ClCompile Include="..\..\..\scene\resources\ray_shape.cpp">
      <Filter>scene\resources</Filter>
    </ClCompile>
    <ClCompile Include="..\..\..\scene\resources\rectangle_shape_2d.cpp">
      <Filter>scene\resources</Filter>
    </ClCompile>
    <ClCompile Include="..\..\..\scene\resources\room.cpp">
      <Filter>scene\resources</Filter>
    </ClCompile>
    <ClCompile Include="..\..\..\scene\resources\segment_shape_2d.cpp">
      <Filter>scene\resources</Filter>
    </ClCompile>
    <ClCompile Include="..\..\..\scene\resources\shader.cpp">
      <Filter>scene\resources</Filter>
    </ClCompile>
    <ClCompile Include="..\..\..\scene\resources\shader_graph.cpp">
      <Filter>scene\resources</Filter>
    </ClCompile>
    <ClCompile Include="..\..\..\scene\resources\shape.cpp">
      <Filter>scene\resources</Filter>
    </ClCompile>
    <ClCompile Include="..\..\..\scene\resources\shape_2d.cpp">
      <Filter>scene\resources</Filter>
    </ClCompile>
    <ClCompile Include="..\..\..\scene\resources\shape_line_2d.cpp">
      <Filter>scene\resources</Filter>
    </ClCompile>
    <ClCompile Include="..\..\..\scene\resources\space_2d.cpp">
      <Filter>scene\resources</Filter>
    </ClCompile>
    <ClCompile Include="..\..\..\scene\resources\sphere_shape.cpp">
      <Filter>scene\resources</Filter>
    </ClCompile>
    <ClCompile Include="..\..\..\scene\resources\style_box.cpp">
      <Filter>scene\resources</Filter>
    </ClCompile>
    <ClCompile Include="..\..\..\scene\resources\surface_tool.cpp">
      <Filter>scene\resources</Filter>
    </ClCompile>
    <ClCompile Include="..\..\..\scene\resources\texture.cpp">
      <Filter>scene\resources</Filter>
    </ClCompile>
    <ClCompile Include="..\..\..\scene\resources\theme.cpp">
      <Filter>scene\resources</Filter>
    </ClCompile>
    <ClCompile Include="..\..\..\scene\resources\tile_set.cpp">
      <Filter>scene\resources</Filter>
    </ClCompile>
    <ClCompile Include="..\..\..\scene\resources\video_stream.cpp">
      <Filter>scene\resources</Filter>
    </ClCompile>
    <ClCompile Include="..\..\..\scene\resources\world.cpp">
      <Filter>scene\resources</Filter>
    </ClCompile>
    <ClCompile Include="..\..\..\scene\resources\world_2d.cpp">
      <Filter>scene\resources</Filter>
    </ClCompile>
    <ClCompile Include="..\..\..\scene\resources\animation.cpp">
      <Filter>scene\resources</Filter>
    </ClCompile>
    <ClCompile Include="..\..\..\scene\resources\audio_stream_resampled.cpp">
      <Filter>scene\resources</Filter>
    </ClCompile>
    <ClCompile Include="..\..\..\scene\resources\bit_mask.cpp">
      <Filter>scene\resources</Filter>
    </ClCompile>
    <ClCompile Include="..\..\..\scene\resources\bounds.cpp">
      <Filter>scene\resources</Filter>
    </ClCompile>
    <ClCompile Include="..\..\..\scene\resources\box_shape.cpp">
      <Filter>scene\resources</Filter>
    </ClCompile>
    <ClCompile Include="..\..\..\scene\resources\canvas.cpp">
      <Filter>scene\resources</Filter>
    </ClCompile>
    <ClCompile Include="..\..\..\scene\resources\capsule_shape.cpp">
      <Filter>scene\resources</Filter>
    </ClCompile>
    <ClCompile Include="..\..\..\scene\resources\capsule_shape_2d.cpp">
      <Filter>scene\resources</Filter>
    </ClCompile>
    <ClCompile Include="..\..\..\scene\resources\circle_shape_2d.cpp">
      <Filter>scene\resources</Filter>
    </ClCompile>
    <ClCompile Include="..\..\..\scene\resources\concave_polygon_shape.cpp">
      <Filter>scene\resources</Filter>
    </ClCompile>
    <ClCompile Include="..\..\..\scene\resources\concave_polygon_shape_2d.cpp">
      <Filter>scene\resources</Filter>
    </ClCompile>
    <ClCompile Include="..\..\..\scene\resources\convex_polygon_shape.cpp">
      <Filter>scene\resources</Filter>
    </ClCompile>
    <ClCompile Include="..\..\..\servers\visual_server.cpp">
      <Filter>servers</Filter>
    </ClCompile>
    <ClCompile Include="..\..\..\servers\audio_server.cpp">
      <Filter>servers</Filter>
    </ClCompile>
    <ClCompile Include="..\..\..\servers\physics_2d_server.cpp">
      <Filter>servers</Filter>
    </ClCompile>
    <ClCompile Include="..\..\..\servers\physics_server.cpp">
      <Filter>servers</Filter>
    </ClCompile>
    <ClCompile Include="..\..\..\servers\register_server_types.cpp">
      <Filter>servers</Filter>
    </ClCompile>
    <ClCompile Include="..\..\..\servers\audio\reverb_sw.cpp">
      <Filter>servers\audio</Filter>
    </ClCompile>
    <ClCompile Include="..\..\..\servers\audio\audio_driver_dummy.cpp">
      <Filter>servers\audio</Filter>
    </ClCompile>
    <ClCompile Include="..\..\..\servers\audio\audio_filter_sw.cpp">
      <Filter>servers\audio</Filter>
    </ClCompile>
    <ClCompile Include="..\..\..\servers\physics\physics_server_sw.cpp">
      <Filter>servers\physics</Filter>
    </ClCompile>
    <ClCompile Include="..\..\..\servers\physics\shape_sw.cpp">
      <Filter>servers\physics</Filter>
    </ClCompile>
    <ClCompile Include="..\..\..\servers\physics\space_sw.cpp">
      <Filter>servers\physics</Filter>
    </ClCompile>
    <ClCompile Include="..\..\..\servers\physics\step_sw.cpp">
      <Filter>servers\physics</Filter>
    </ClCompile>
    <ClCompile Include="..\..\..\servers\physics\area_pair_sw.cpp">
      <Filter>servers\physics</Filter>
    </ClCompile>
    <ClCompile Include="..\..\..\servers\physics\area_sw.cpp">
      <Filter>servers\physics</Filter>
    </ClCompile>
    <ClCompile Include="..\..\..\servers\physics\body_pair_sw.cpp">
      <Filter>servers\physics</Filter>
    </ClCompile>
    <ClCompile Include="..\..\..\servers\physics\body_sw.cpp">
      <Filter>servers\physics</Filter>
    </ClCompile>
    <ClCompile Include="..\..\..\servers\physics\broad_phase_basic.cpp">
      <Filter>servers\physics</Filter>
    </ClCompile>
    <ClCompile Include="..\..\..\servers\physics\broad_phase_octree.cpp">
      <Filter>servers\physics</Filter>
    </ClCompile>
    <ClCompile Include="..\..\..\servers\physics\broad_phase_sw.cpp">
      <Filter>servers\physics</Filter>
    </ClCompile>
    <ClCompile Include="..\..\..\servers\physics\collision_object_sw.cpp">
      <Filter>servers\physics</Filter>
    </ClCompile>
    <ClCompile Include="..\..\..\servers\physics\collision_solver_sat.cpp">
      <Filter>servers\physics</Filter>
    </ClCompile>
    <ClCompile Include="..\..\..\servers\physics\collision_solver_sw.cpp">
      <Filter>servers\physics</Filter>
    </ClCompile>
    <ClCompile Include="..\..\..\servers\physics\gjk_epa.cpp">
      <Filter>servers\physics</Filter>
    </ClCompile>
    <ClCompile Include="..\..\..\servers\physics_2d\space_2d_sw.cpp">
      <Filter>servers\physics_2d</Filter>
    </ClCompile>
    <ClCompile Include="..\..\..\servers\physics_2d\step_2d_sw.cpp">
      <Filter>servers\physics_2d</Filter>
    </ClCompile>
    <ClCompile Include="..\..\..\servers\physics_2d\area_2d_sw.cpp">
      <Filter>servers\physics_2d</Filter>
    </ClCompile>
    <ClCompile Include="..\..\..\servers\physics_2d\area_pair_2d_sw.cpp">
      <Filter>servers\physics_2d</Filter>
    </ClCompile>
    <ClCompile Include="..\..\..\servers\physics_2d\body_2d_sw.cpp">
      <Filter>servers\physics_2d</Filter>
    </ClCompile>
    <ClCompile Include="..\..\..\servers\physics_2d\body_pair_2d_sw.cpp">
      <Filter>servers\physics_2d</Filter>
    </ClCompile>
    <ClCompile Include="..\..\..\servers\physics_2d\broad_phase_2d_basic.cpp">
      <Filter>servers\physics_2d</Filter>
    </ClCompile>
    <ClCompile Include="..\..\..\servers\physics_2d\broad_phase_2d_hash_grid.cpp">
      <Filter>servers\physics_2d</Filter>
    </ClCompile>
    <ClCompile Include="..\..\..\servers\physics_2d\broad_phase_2d_sw.cpp">
      <Filter>servers\physics_2d</Filter>
    </ClCompile>
    <ClCompile Include="..\..\..\servers\physics_2d\collision_object_2d_sw.cpp">
      <Filter>servers\physics_2d</Filter>
    </ClCompile>
    <ClCompile Include="..\..\..\servers\physics_2d\collision_solver_2d_sat.cpp">
      <Filter>servers\physics_2d</Filter>
    </ClCompile>
    <ClCompile Include="..\..\..\servers\physics_2d\collision_solver_2d_sw.cpp">
      <Filter>servers\physics_2d</Filter>
    </ClCompile>
    <ClCompile Include="..\..\..\servers\physics_2d\joints_2d_sw.cpp">
      <Filter>servers\physics_2d</Filter>
    </ClCompile>
    <ClCompile Include="..\..\..\servers\physics_2d\physics_2d_server_sw.cpp">
      <Filter>servers\physics_2d</Filter>
    </ClCompile>
    <ClCompile Include="..\..\..\servers\physics_2d\shape_2d_sw.cpp">
      <Filter>servers\physics_2d</Filter>
    </ClCompile>
    <ClCompile Include="..\..\..\servers\visual\shader_language.cpp">
      <Filter>servers\visual</Filter>
    </ClCompile>
    <ClCompile Include="..\..\..\servers\visual\visual_server_raster.cpp">
      <Filter>servers\visual</Filter>
    </ClCompile>
    <ClCompile Include="..\..\..\servers\visual\visual_server_wrap_mt.cpp">
      <Filter>servers\visual</Filter>
    </ClCompile>
    <ClCompile Include="..\..\..\servers\visual\rasterizer.cpp">
      <Filter>servers\visual</Filter>
    </ClCompile>
    <ClCompile Include="..\..\..\servers\physics\joints\hinge_joint_sw.cpp">
      <Filter>servers\physics\joints</Filter>
    </ClCompile>
    <ClCompile Include="..\..\..\servers\physics\joints\pin_joint_sw.cpp">
      <Filter>servers\physics\joints</Filter>
    </ClCompile>
    <ClCompile Include="..\..\..\servers\physics\joints\slider_joint_sw.cpp">
      <Filter>servers\physics\joints</Filter>
    </ClCompile>
    <ClCompile Include="..\..\..\servers\physics\joints\cone_twist_joint_sw.cpp">
      <Filter>servers\physics\joints</Filter>
    </ClCompile>
    <ClCompile Include="..\..\..\servers\physics\joints\generic_6dof_joint_sw.cpp">
      <Filter>servers\physics\joints</Filter>
    </ClCompile>
    <ClCompile Include="..\..\..\drivers\windows\shell_windows.cpp">
      <Filter>drivers\windows</Filter>
    </ClCompile>
    <ClCompile Include="..\..\..\drivers\windows\thread_windows.cpp">
      <Filter>drivers\windows</Filter>
    </ClCompile>
    <ClCompile Include="..\..\..\drivers\windows\dir_access_windows.cpp">
      <Filter>drivers\windows</Filter>
    </ClCompile>
    <ClCompile Include="..\..\..\drivers\windows\file_access_windows.cpp">
      <Filter>drivers\windows</Filter>
    </ClCompile>
    <ClCompile Include="..\..\..\drivers\windows\mutex_windows.cpp">
      <Filter>drivers\windows</Filter>
    </ClCompile>
    <ClCompile Include="..\..\..\drivers\windows\semaphore_windows.cpp">
      <Filter>drivers\windows</Filter>
    </ClCompile>
    <ClCompile Include="..\..\..\scene\gui\graph_node.cpp">
      <Filter>scene\gui</Filter>
    </ClCompile>
    <ClCompile Include="..\..\..\scene\gui\graph_edit.cpp">
      <Filter>scene\gui</Filter>
    </ClCompile>
    <ClCompile Include="..\..\..\drivers\register_driver_types.cpp">
      <Filter>drivers</Filter>
    </ClCompile>
    <ClCompile Include="..\..\..\core\io\packet_peer_udp.cpp">
      <Filter>core\io</Filter>
    </ClCompile>
    <ClCompile Include="..\..\..\platform\android\export\export.cpp">
      <Filter>platform\android\export</Filter>
    </ClCompile>
    <ClCompile Include="..\..\..\platform\javascript\export\export.cpp">
      <Filter>platform\javascript\export</Filter>
    </ClCompile>
    <ClCompile Include="..\..\..\platform\osx\export\export.cpp">
      <Filter>platform\osx\export</Filter>
    </ClCompile>
    <ClCompile Include="..\..\..\platform\x11\export\export.cpp">
      <Filter>platform\x11\export</Filter>
    </ClCompile>
    <ClCompile Include="..\..\..\platform\windows\export\export.cpp">
      <Filter>platform\windows\export</Filter>
    </ClCompile>
    <ClCompile Include="..\..\..\drivers\convex_decomp\b2d_decompose.cpp">
      <Filter>drivers\convex_decomp</Filter>
    </ClCompile>
    <ClCompile Include="..\..\..\drivers\rtaudio\audio_driver_rtaudio.cpp">
      <Filter>drivers\rtaudio</Filter>
    </ClCompile>
    <ClCompile Include="..\..\..\drivers\unix\packet_peer_udp_posix.cpp">
      <Filter>drivers\unix</Filter>
    </ClCompile>
    <ClCompile Include="..\..\..\drivers\unix\semaphore_posix.cpp">
      <Filter>drivers\unix</Filter>
    </ClCompile>
    <ClCompile Include="..\..\..\drivers\unix\stream_peer_tcp_posix.cpp">
      <Filter>drivers\unix</Filter>
    </ClCompile>
    <ClCompile Include="..\..\..\drivers\unix\tcp_server_posix.cpp">
      <Filter>drivers\unix</Filter>
    </ClCompile>
    <ClCompile Include="..\..\..\drivers\unix\thread_posix.cpp">
      <Filter>drivers\unix</Filter>
    </ClCompile>
    <ClCompile Include="..\..\..\drivers\unix\dir_access_unix.cpp">
      <Filter>drivers\unix</Filter>
    </ClCompile>
    <ClCompile Include="..\..\..\drivers\unix\file_access_unix.cpp">
      <Filter>drivers\unix</Filter>
    </ClCompile>
    <ClCompile Include="..\..\..\drivers\unix\ip_unix.cpp">
      <Filter>drivers\unix</Filter>
    </ClCompile>
    <ClCompile Include="..\..\..\drivers\unix\mutex_posix.cpp">
      <Filter>drivers\unix</Filter>
    </ClCompile>
    <ClCompile Include="..\..\..\drivers\unix\os_unix.cpp">
      <Filter>drivers\unix</Filter>
    </ClCompile>
    <ClCompile Include="..\..\..\drivers\alsa\audio_driver_alsa.cpp">
      <Filter>drivers\alsa</Filter>
    </ClCompile>
    <ClCompile Include="..\..\..\drivers\gl_context\context_gl.cpp">
      <Filter>drivers\gl_context</Filter>
    </ClCompile>
    <ClCompile Include="..\..\..\drivers\png\image_loader_png.cpp">
      <Filter>drivers\png</Filter>
    </ClCompile>
    <ClCompile Include="..\..\..\drivers\png\resource_saver_png.cpp">
      <Filter>drivers\png</Filter>
    </ClCompile>
    <ClCompile Include="..\..\..\platform\windows\packet_peer_udp_winsock.cpp">
      <Filter>platform\windows</Filter>
    </ClCompile>
    <ClCompile Include="..\..\..\scene\resources\default_theme\default_theme.cpp">
      <Filter>scene\resources\default_theme</Filter>
    </ClCompile>
    <ClCompile Include="..\..\..\platform\android\globals\global_defaults.cpp">
      <Filter>platform\android\globals</Filter>
    </ClCompile>
    <ClCompile Include="..\..\..\scene\2d\canvas_modulate.cpp">
      <Filter>scene\2d</Filter>
    </ClCompile>
    <ClCompile Include="..\..\..\scene\2d\light_2d.cpp">
      <Filter>scene\2d</Filter>
    </ClCompile>
    <ClCompile Include="..\..\..\scene\2d\navigation_polygon.cpp">
      <Filter>scene\2d</Filter>
    </ClCompile>
    <ClCompile Include="..\..\..\scene\2d\navigation2d.cpp">
      <Filter>scene\2d</Filter>
    </ClCompile>
    <ClCompile Include="..\..\..\scene\2d\light_occluder_2d.cpp">
      <Filter>scene\2d</Filter>
    </ClCompile>
    <ClCompile Include="..\..\..\platform\iphone\globals\global_defaults.cpp">
      <Filter>platform\iphone\globals</Filter>
    </ClCompile>
    <ClCompile Include="..\..\..\scene\gui\check_box.cpp">
      <Filter>scene\gui</Filter>
    </ClCompile>
    <ClCompile Include="..\..\..\scene\2d\back_buffer_copy.cpp">
      <Filter>scene\2d</Filter>
    </ClCompile>
    <ClCompile Include="..\..\..\scene\gui\item_list.cpp">
      <Filter>scene\gui</Filter>
    </ClCompile>
    <ClCompile Include="..\..\..\main\input_default.cpp">
      <Filter>main</Filter>
    </ClCompile>
    <ClCompile Include="..\..\..\scene\resources\color_ramp.cpp">
      <Filter>scene\resources</Filter>
    </ClCompile>
    <ClCompile Include="..\..\..\scene\main\instance_placeholder.cpp">
      <Filter>scene\main</Filter>
    </ClCompile>
    <ClCompile Include="..\..\..\servers\audio\audio_rb_resampler.cpp">
      <Filter>servers\audio</Filter>
    </ClCompile>
    <ClCompile Include="..\..\..\servers\physics_2d\physics_2d_server_wrap_mt.cpp">
      <Filter>servers\physics_2d</Filter>
    </ClCompile>
    <ClCompile Include="..\..\..\scene\resources\scene_format_text.cpp">
      <Filter>scene\resources</Filter>
    </ClCompile>
    <ClCompile Include="..\..\..\core\variant_parser.cpp">
      <Filter>core</Filter>
    </ClCompile>
    <ClCompile Include="..\..\..\scene\main\http_request.cpp">
      <Filter>scene\main</Filter>
    </ClCompile>
    <ClCompile Include="..\..\..\scene\gui\link_button.cpp">
      <Filter>scene\gui</Filter>
    </ClCompile>
    <ClCompile Include="..\..\..\scene\resources\dynamic_font_stb.cpp">
      <Filter>scene\resources</Filter>
    </ClCompile>
    <ClCompile Include="..\..\..\scene\resources\dynamic_font.cpp">
      <Filter>scene\resources</Filter>
    </ClCompile>
    <ClCompile Include="..\..\..\scene\audio\audio_player.cpp">
      <Filter>scene\audio</Filter>
    </ClCompile>
    <ClCompile Include="..\..\..\drivers\gles3\rasterizer_scene_gles3.cpp">
      <Filter>drivers\gles3</Filter>
    </ClCompile>
    <ClCompile Include="..\..\..\drivers\gles3\rasterizer_storage_gles3.cpp">
      <Filter>drivers\gles3</Filter>
    </ClCompile>
    <ClCompile Include="..\..\..\drivers\gles3\shader_compiler_gles3.cpp">
      <Filter>drivers\gles3</Filter>
    </ClCompile>
    <ClCompile Include="..\..\..\drivers\gles3\shader_gles3.cpp">
      <Filter>drivers\gles3</Filter>
    </ClCompile>
    <ClCompile Include="..\..\..\drivers\gles3\rasterizer_canvas_gles3.cpp">
      <Filter>drivers\gles3</Filter>
    </ClCompile>
    <ClCompile Include="..\..\..\drivers\gles3\rasterizer_gles3.cpp">
      <Filter>drivers\gles3</Filter>
    </ClCompile>
  </ItemGroup>
  <ItemGroup>
    <ResourceCompile Include="..\..\..\platform\windows\godot_res.rc">
      <Filter>Resource Files</Filter>
    </ResourceCompile>
  </ItemGroup>
</Project>